{
  "version": 4,
  "terraform_version": "1.4.6",
  "serial": 907,
  "lineage": "f7d2f79a-2eac-13ff-c130-0f526bf99be8",
  "outputs": {},
  "resources": [
    {
      "mode": "data",
      "type": "aws_availability_zones",
      "name": "available",
      "provider": "provider[\"registry.terraform.io/hashicorp/aws\"]",
      "instances": [
        {
          "schema_version": 0,
          "attributes": {
            "all_availability_zones": null,
            "exclude_names": null,
            "exclude_zone_ids": null,
            "filter": null,
            "group_names": [
              "us-east-1"
            ],
            "id": "us-east-1",
            "names": [
              "us-east-1a",
              "us-east-1b",
              "us-east-1c",
              "us-east-1d",
              "us-east-1e",
              "us-east-1f"
            ],
            "state": null,
            "timeouts": null,
            "zone_ids": [
              "use1-az2",
              "use1-az4",
              "use1-az6",
              "use1-az1",
              "use1-az3",
              "use1-az5"
            ]
          },
          "sensitive_attributes": []
        }
      ]
    },
    {
      "mode": "managed",
      "type": "aws_eks_cluster",
      "name": "eks_cluster",
      "provider": "provider[\"registry.terraform.io/hashicorp/aws\"]",
      "instances": [
        {
          "schema_version": 0,
          "attributes": {
            "arn": "arn:aws:eks:us-east-1:120211568300:cluster/HR-stag-eksdemo1",
            "certificate_authority": [
              {
                "data": "LS0tLS1CRUdJTiBDRVJUSUZJQ0FURS0tLS0tCk1JSUMvakNDQWVhZ0F3SUJBZ0lCQURBTkJna3Foa2lHOXcwQkFRc0ZBREFWTVJNd0VRWURWUVFERXdwcmRXSmwKY201bGRHVnpNQjRYRFRJek1EUXlPREUyTXpZd01Wb1hEVE16TURReU5URTJNell3TVZvd0ZURVRNQkVHQTFVRQpBeE1LYTNWaVpYSnVaWFJsY3pDQ0FTSXdEUVlKS29aSWh2Y05BUUVCQlFBRGdnRVBBRENDQVFvQ2dnRUJBT3JJCjcxZ0h4UldxOGhmZHVYWjBnaFZ6Rk1TV1JMUlZZemZVRlFOR2FydHM1a3FuZ20xTStUOWFKWEo5MWpKZ3FYZkIKcGtWZnRQd01EUUg4VjlkQlUydUxGa0grUEdoRnlkbnk5Qi9RcDBhdWlRQjdoSkxvbEcxMUdIdG9VdWhsaDhCeQo1b2ZMSjJYc3o3S1p1allwNHk0UjIrMTVBM0JPZjFqYkxnZnpVK2NNN3JpQ0h2Y29kRVdJbWlDY1MyVTd2NUVHCjJjN3V2K2E5YlpYU05wK0xDVUZiMFR1VUVpT04rOEFzazFRUm16UmMvQllDSGw1TWJ4UElKYk8vL2hmSTBOdFYKR1g3ZUZpWTB3WU5pV05weW1qbVJPMFoxKzZoNUtJTFUrZ0tDYlBGREZGTXloTkNTNE1KT2swWWdaV3BKSU9vbwp1OVFLczkrdkp1ZmV4SVE4aFlFQ0F3RUFBYU5aTUZjd0RnWURWUjBQQVFIL0JBUURBZ0trTUE4R0ExVWRFd0VCCi93UUZNQU1CQWY4d0hRWURWUjBPQkJZRUZCT242ZkQ4SDM0VmU2NEd0VWNjQUtIT2x5NVJNQlVHQTFVZEVRUU8KTUF5Q0NtdDFZbVZ5Ym1WMFpYTXdEUVlKS29aSWh2Y05BUUVMQlFBRGdnRUJBTkExYUZpSUVWMWNhRlpGcFNRQwo0M2dkeHcwcmZhTlFxTnkrbnpDSWpIQlF1akpPSnVoMHVTY3ZIemxoQVNmSzZDNUVobDBVRGwwNGxqSC9QaENNCmt6VkxwdFJRRWt1Q2dSR1ZjU1pwanJ6azVZMUJ0ajFEK24zU09DS2hlVW5NYmRUT0Q0OUxWUW1rUXF5T1Z5L2gKelNMMWxTSDcrQ1E2bXhGUDQrYisyWXJuM1kvKzkzWHpjaW1CbS83VEtxbVlCdThLdjVoYVozTkNIYVlUNC84ZApheThuZTZ6VkwzYjVoQlVPd2V0bnZNMjAyUVhremJ3R3E5RGZlY1c4a1BGaUxtdGhsSVIxZGVrUEJXeHJlM1loCnJuL2dadStBaGlLTlhWWjFTQjZiM0pic2szeXBsdTVSYWxGKzJTMTJCZVpUVEVYVnloZjAwSldxTW0rc2EreUEKUE00PQotLS0tLUVORCBDRVJUSUZJQ0FURS0tLS0tCg=="
              }
            ],
            "cluster_id": null,
            "created_at": "2023-04-28 16:30:25.23 +0000 UTC",
            "enabled_cluster_log_types": [
              "api",
              "audit",
              "authenticator",
              "controllerManager",
              "scheduler"
            ],
            "encryption_config": [],
            "endpoint": "https://5EE18D404BA5B31EBEBD31CD24CD34BF.gr7.us-east-1.eks.amazonaws.com",
            "id": "HR-stag-eksdemo1",
            "identity": [
              {
                "oidc": [
                  {
                    "issuer": "https://oidc.eks.us-east-1.amazonaws.com/id/5EE18D404BA5B31EBEBD31CD24CD34BF"
                  }
                ]
              }
            ],
            "kubernetes_network_config": [
              {
                "ip_family": "ipv4",
                "service_ipv4_cidr": "172.20.0.0/16",
                "service_ipv6_cidr": ""
              }
            ],
            "name": "HR-stag-eksdemo1",
            "outpost_config": [],
            "platform_version": "eks.1",
            "role_arn": "arn:aws:iam::120211568300:role/HR-stag-eks-master-role",
            "status": "ACTIVE",
            "tags": {},
            "tags_all": {},
            "timeouts": null,
            "version": "1.26",
            "vpc_config": [
              {
                "cluster_security_group_id": "sg-00930d8f3db900b6c",
                "endpoint_private_access": true,
                "endpoint_public_access": true,
                "public_access_cidrs": [
                  "0.0.0.0/0"
                ],
                "security_group_ids": [],
                "subnet_ids": [
                  "subnet-0759e7e83fa1b949d",
                  "subnet-076edc2a0382d5a56"
                ],
                "vpc_id": "vpc-0b9763cc864186804"
              }
            ]
          },
          "sensitive_attributes": [],
          "private": "eyJlMmJmYjczMC1lY2FhLTExZTYtOGY4OC0zNDM2M2JjN2M0YzAiOnsiY3JlYXRlIjoxODAwMDAwMDAwMDAwLCJkZWxldGUiOjkwMDAwMDAwMDAwMCwidXBkYXRlIjozNjAwMDAwMDAwMDAwfX0=",
          "dependencies": [
            "aws_iam_role.eks_master_role",
            "aws_iam_role_policy_attachment.eks-AmazonEKSClusterPolicy",
            "aws_iam_role_policy_attachment.eks-AmazonEKSVPCResourceController",
            "data.aws_availability_zones.available",
            "module.vpc.aws_subnet.public",
            "module.vpc.aws_vpc.this",
            "module.vpc.aws_vpc_ipv4_cidr_block_association.this"
          ]
        }
      ]
    },
    {
      "mode": "managed",
      "type": "aws_eks_node_group",
      "name": "eks_ng_public",
      "provider": "provider[\"registry.terraform.io/hashicorp/aws\"]",
      "instances": [
        {
          "schema_version": 0,
          "attributes": {
            "ami_type": "AL2_x86_64",
            "arn": "arn:aws:eks:us-east-1:120211568300:nodegroup/HR-stag-eksdemo1/HR-stag-eks-ng-public/96c3e45e-8d53-5eb5-3970-29db84053664",
            "capacity_type": "ON_DEMAND",
            "cluster_name": "HR-stag-eksdemo1",
            "disk_size": 20,
            "force_update_version": null,
            "id": "HR-stag-eksdemo1:HR-stag-eks-ng-public",
            "instance_types": [
              "t2.small"
            ],
            "labels": {},
            "launch_template": [],
            "node_group_name": "HR-stag-eks-ng-public",
            "node_group_name_prefix": "",
            "node_role_arn": "arn:aws:iam::120211568300:role/HR-stag-eks-nodegroup-role",
            "release_version": "1.26.2-20230411",
            "remote_access": [
              {
                "ec2_ssh_key": "application-server-key",
                "source_security_group_ids": []
              }
            ],
            "resources": [
              {
                "autoscaling_groups": [
                  {
                    "name": "eks-HR-stag-eks-ng-public-96c3e45e-8d53-5eb5-3970-29db84053664"
                  }
                ],
                "remote_access_security_group_id": ""
              }
            ],
            "scaling_config": [
              {
                "desired_size": 1,
                "max_size": 2,
                "min_size": 1
              }
            ],
            "status": "DELETE_FAILED",
            "subnet_ids": [
              "subnet-0759e7e83fa1b949d",
              "subnet-076edc2a0382d5a56"
            ],
            "tags": {
              "Name": "Public-Node-Group"
            },
            "tags_all": {
              "Name": "Public-Node-Group"
            },
            "taint": [],
            "timeouts": null,
            "update_config": [
              {
                "max_unavailable": 1,
                "max_unavailable_percentage": 0
              }
            ],
            "version": "1.26"
          },
          "sensitive_attributes": [],
          "private": "eyJlMmJmYjczMC1lY2FhLTExZTYtOGY4OC0zNDM2M2JjN2M0YzAiOnsiY3JlYXRlIjozNjAwMDAwMDAwMDAwLCJkZWxldGUiOjM2MDAwMDAwMDAwMDAsInVwZGF0ZSI6MzYwMDAwMDAwMDAwMH19",
          "dependencies": [
            "aws_eks_cluster.eks_cluster",
            "aws_iam_role.eks_master_role",
            "aws_iam_role.eks_nodegroup_role",
            "aws_iam_role_policy_attachment.eks-AmazonEC2ContainerRegistryReadOnly",
            "aws_iam_role_policy_attachment.eks-AmazonEKSClusterPolicy",
            "aws_iam_role_policy_attachment.eks-AmazonEKSVPCResourceController",
            "aws_iam_role_policy_attachment.eks-AmazonEKSWorkerNodePolicy",
            "aws_iam_role_policy_attachment.eks-AmazonEKS_CNI_Policy",
            "data.aws_availability_zones.available",
            "module.vpc.aws_subnet.public",
            "module.vpc.aws_vpc.this",
            "module.vpc.aws_vpc_ipv4_cidr_block_association.this"
          ]
        }
      ]
    },
    {
      "mode": "managed",
      "type": "aws_iam_role",
      "name": "eks_master_role",
      "provider": "provider[\"registry.terraform.io/hashicorp/aws\"]",
      "instances": [
        {
          "schema_version": 0,
          "attributes": {
            "arn": "arn:aws:iam::120211568300:role/HR-stag-eks-master-role",
            "assume_role_policy": "{\"Statement\":[{\"Action\":\"sts:AssumeRole\",\"Effect\":\"Allow\",\"Principal\":{\"Service\":\"eks.amazonaws.com\"}}],\"Version\":\"2012-10-17\"}",
            "create_date": "2023-04-28T16:29:52Z",
            "description": "",
            "force_detach_policies": false,
            "id": "HR-stag-eks-master-role",
            "inline_policy": [],
            "managed_policy_arns": [
              "arn:aws:iam::aws:policy/AmazonEKSClusterPolicy",
              "arn:aws:iam::aws:policy/AmazonEKSVPCResourceController"
            ],
            "max_session_duration": 3600,
            "name": "HR-stag-eks-master-role",
            "name_prefix": "",
            "path": "/",
            "permissions_boundary": null,
            "role_last_used": [
              {
                "last_used_date": "2023-04-28T17:54:20Z",
                "region": "us-east-1"
              }
            ],
            "tags": {},
            "tags_all": {},
            "unique_id": "AROARX7JK62WLXIDF5MHC"
          },
          "sensitive_attributes": [],
          "private": "bnVsbA=="
        }
      ]
    },
    {
      "mode": "managed",
      "type": "aws_iam_role",
      "name": "eks_nodegroup_role",
      "provider": "provider[\"registry.terraform.io/hashicorp/aws\"]",
      "instances": [
        {
          "schema_version": 0,
          "attributes": {
            "arn": "arn:aws:iam::120211568300:role/HR-stag-eks-nodegroup-role",
            "assume_role_policy": "{\"Statement\":[{\"Action\":\"sts:AssumeRole\",\"Effect\":\"Allow\",\"Principal\":{\"Service\":\"ec2.amazonaws.com\"}}],\"Version\":\"2012-10-17\"}",
            "create_date": "2023-04-28T16:29:52Z",
            "description": "",
            "force_detach_policies": false,
            "id": "HR-stag-eks-nodegroup-role",
            "inline_policy": [],
            "managed_policy_arns": [
              "arn:aws:iam::aws:policy/AmazonEC2ContainerRegistryReadOnly",
              "arn:aws:iam::aws:policy/AmazonEKSWorkerNodePolicy",
              "arn:aws:iam::aws:policy/AmazonEKS_CNI_Policy"
            ],
            "max_session_duration": 3600,
            "name": "HR-stag-eks-nodegroup-role",
            "name_prefix": "",
            "path": "/",
            "permissions_boundary": null,
            "role_last_used": [
              {
                "last_used_date": "2023-04-28T17:47:44Z",
                "region": "us-east-1"
              }
            ],
            "tags": {},
            "tags_all": {},
            "unique_id": "AROARX7JK62WJYBAYN3QY"
          },
          "sensitive_attributes": [],
          "private": "bnVsbA=="
        }
      ]
    },
    {
      "mode": "managed",
      "type": "aws_iam_role_policy_attachment",
      "name": "eks-AmazonEC2ContainerRegistryReadOnly",
      "provider": "provider[\"registry.terraform.io/hashicorp/aws\"]",
      "instances": [
        {
          "schema_version": 0,
          "attributes": {
            "id": "HR-stag-eks-nodegroup-role-20230428162955447200000004",
            "policy_arn": "arn:aws:iam::aws:policy/AmazonEC2ContainerRegistryReadOnly",
            "role": "HR-stag-eks-nodegroup-role"
          },
          "sensitive_attributes": [],
          "private": "bnVsbA==",
          "dependencies": [
            "aws_iam_role.eks_nodegroup_role"
          ]
        }
      ]
    },
    {
      "mode": "managed",
      "type": "aws_iam_role_policy_attachment",
      "name": "eks-AmazonEKSClusterPolicy",
      "provider": "provider[\"registry.terraform.io/hashicorp/aws\"]",
      "instances": [
        {
          "schema_version": 0,
          "attributes": {
            "id": "HR-stag-eks-master-role-20230428162954700300000001",
            "policy_arn": "arn:aws:iam::aws:policy/AmazonEKSClusterPolicy",
            "role": "HR-stag-eks-master-role"
          },
          "sensitive_attributes": [],
          "private": "bnVsbA==",
          "dependencies": [
            "aws_iam_role.eks_master_role"
          ]
        }
      ]
    },
    {
      "mode": "managed",
      "type": "aws_iam_role_policy_attachment",
      "name": "eks-AmazonEKSVPCResourceController",
      "provider": "provider[\"registry.terraform.io/hashicorp/aws\"]",
      "instances": [
        {
          "schema_version": 0,
          "attributes": {
            "id": "HR-stag-eks-master-role-20230428162955107700000003",
            "policy_arn": "arn:aws:iam::aws:policy/AmazonEKSVPCResourceController",
            "role": "HR-stag-eks-master-role"
          },
          "sensitive_attributes": [],
          "private": "bnVsbA==",
          "dependencies": [
            "aws_iam_role.eks_master_role"
          ]
        }
      ]
    },
    {
      "mode": "managed",
      "type": "aws_iam_role_policy_attachment",
      "name": "eks-AmazonEKSWorkerNodePolicy",
      "provider": "provider[\"registry.terraform.io/hashicorp/aws\"]",
      "instances": [
        {
          "schema_version": 0,
          "attributes": {
            "id": "HR-stag-eks-nodegroup-role-20230428162955652400000005",
            "policy_arn": "arn:aws:iam::aws:policy/AmazonEKSWorkerNodePolicy",
            "role": "HR-stag-eks-nodegroup-role"
          },
          "sensitive_attributes": [],
          "private": "bnVsbA==",
          "dependencies": [
            "aws_iam_role.eks_nodegroup_role"
          ]
        }
      ]
    },
    {
      "mode": "managed",
      "type": "aws_iam_role_policy_attachment",
      "name": "eks-AmazonEKS_CNI_Policy",
      "provider": "provider[\"registry.terraform.io/hashicorp/aws\"]",
      "instances": [
        {
          "schema_version": 0,
          "attributes": {
            "id": "HR-stag-eks-nodegroup-role-20230428162955053400000002",
            "policy_arn": "arn:aws:iam::aws:policy/AmazonEKS_CNI_Policy",
            "role": "HR-stag-eks-nodegroup-role"
          },
          "sensitive_attributes": [],
          "private": "bnVsbA==",
          "dependencies": [
            "aws_iam_role.eks_nodegroup_role"
          ]
        }
      ]
    },
    {
      "module": "module.vpc",
      "mode": "managed",
      "type": "aws_subnet",
      "name": "public",
      "provider": "provider[\"registry.terraform.io/hashicorp/aws\"]",
      "instances": [
        {
          "index_key": 0,
          "schema_version": 1,
          "attributes": {
            "arn": "arn:aws:ec2:us-east-1:120211568300:subnet/subnet-0759e7e83fa1b949d",
            "assign_ipv6_address_on_creation": false,
            "availability_zone": "us-east-1a",
            "availability_zone_id": "use1-az2",
            "cidr_block": "10.0.101.0/24",
            "customer_owned_ipv4_pool": "",
            "enable_dns64": false,
            "enable_lni_at_device_index": 0,
            "enable_resource_name_dns_a_record_on_launch": false,
            "enable_resource_name_dns_aaaa_record_on_launch": false,
            "id": "subnet-0759e7e83fa1b949d",
            "ipv6_cidr_block": "",
            "ipv6_cidr_block_association_id": "",
            "ipv6_native": false,
            "map_customer_owned_ip_on_launch": false,
            "map_public_ip_on_launch": true,
            "outpost_arn": "",
            "owner_id": "120211568300",
            "private_dns_hostname_type_on_launch": "ip-name",
            "tags": {
              "Name": "HR-stag-eksdemo1-public-us-east-1a",
              "Type": "public-subnets",
              "environment": "stag",
              "kubernetes.io/cluster/HR-stag-eksdemo1": "shared",
              "kubernetes.io/role/elb": "1",
              "owners": "HR"
            },
            "tags_all": {
              "Name": "HR-stag-eksdemo1-public-us-east-1a",
              "Type": "public-subnets",
              "environment": "stag",
              "kubernetes.io/cluster/HR-stag-eksdemo1": "shared",
              "kubernetes.io/role/elb": "1",
              "owners": "HR"
            },
            "timeouts": null,
            "vpc_id": "vpc-0b9763cc864186804"
          },
          "sensitive_attributes": [],
          "private": "eyJlMmJmYjczMC1lY2FhLTExZTYtOGY4OC0zNDM2M2JjN2M0YzAiOnsiY3JlYXRlIjo2MDAwMDAwMDAwMDAsImRlbGV0ZSI6MTIwMDAwMDAwMDAwMH0sInNjaGVtYV92ZXJzaW9uIjoiMSJ9",
          "dependencies": [
            "data.aws_availability_zones.available",
            "module.vpc.aws_vpc.this",
            "module.vpc.aws_vpc_ipv4_cidr_block_association.this"
          ]
        },
        {
          "index_key": 1,
          "schema_version": 1,
          "attributes": {
            "arn": "arn:aws:ec2:us-east-1:120211568300:subnet/subnet-076edc2a0382d5a56",
            "assign_ipv6_address_on_creation": false,
            "availability_zone": "us-east-1b",
            "availability_zone_id": "use1-az4",
            "cidr_block": "10.0.102.0/24",
            "customer_owned_ipv4_pool": "",
            "enable_dns64": false,
            "enable_lni_at_device_index": 0,
            "enable_resource_name_dns_a_record_on_launch": false,
            "enable_resource_name_dns_aaaa_record_on_launch": false,
            "id": "subnet-076edc2a0382d5a56",
            "ipv6_cidr_block": "",
            "ipv6_cidr_block_association_id": "",
            "ipv6_native": false,
            "map_customer_owned_ip_on_launch": false,
            "map_public_ip_on_launch": true,
            "outpost_arn": "",
            "owner_id": "120211568300",
            "private_dns_hostname_type_on_launch": "ip-name",
            "tags": {
              "Name": "HR-stag-eksdemo1-public-us-east-1b",
              "Type": "public-subnets",
              "environment": "stag",
              "kubernetes.io/cluster/HR-stag-eksdemo1": "shared",
              "kubernetes.io/role/elb": "1",
              "owners": "HR"
            },
            "tags_all": {
              "Name": "HR-stag-eksdemo1-public-us-east-1b",
              "Type": "public-subnets",
              "environment": "stag",
              "kubernetes.io/cluster/HR-stag-eksdemo1": "shared",
              "kubernetes.io/role/elb": "1",
              "owners": "HR"
            },
            "timeouts": null,
            "vpc_id": "vpc-0b9763cc864186804"
          },
          "sensitive_attributes": [],
          "private": "eyJlMmJmYjczMC1lY2FhLTExZTYtOGY4OC0zNDM2M2JjN2M0YzAiOnsiY3JlYXRlIjo2MDAwMDAwMDAwMDAsImRlbGV0ZSI6MTIwMDAwMDAwMDAwMH0sInNjaGVtYV92ZXJzaW9uIjoiMSJ9",
          "dependencies": [
            "data.aws_availability_zones.available",
            "module.vpc.aws_vpc.this",
            "module.vpc.aws_vpc_ipv4_cidr_block_association.this"
          ]
        }
      ]
    },
    {
      "module": "module.vpc",
      "mode": "managed",
      "type": "aws_vpc",
      "name": "this",
      "provider": "provider[\"registry.terraform.io/hashicorp/aws\"]",
      "instances": [
        {
          "index_key": 0,
          "schema_version": 1,
          "attributes": {
            "arn": "arn:aws:ec2:us-east-1:120211568300:vpc/vpc-0b9763cc864186804",
            "assign_generated_ipv6_cidr_block": false,
            "cidr_block": "10.0.0.0/16",
            "default_network_acl_id": "acl-08411ff29f250a340",
            "default_route_table_id": "rtb-0a7b227fa4a9220a1",
            "default_security_group_id": "sg-045c112545d4d19d4",
            "dhcp_options_id": "dopt-0f34da52b3634948c",
            "enable_classiclink": false,
            "enable_classiclink_dns_support": false,
            "enable_dns_hostnames": true,
            "enable_dns_support": true,
            "enable_network_address_usage_metrics": false,
            "id": "vpc-0b9763cc864186804",
            "instance_tenancy": "default",
            "ipv4_ipam_pool_id": null,
            "ipv4_netmask_length": null,
            "ipv6_association_id": "",
            "ipv6_cidr_block": "",
            "ipv6_cidr_block_network_border_group": "",
            "ipv6_ipam_pool_id": "",
            "ipv6_netmask_length": 0,
            "main_route_table_id": "rtb-0a7b227fa4a9220a1",
            "owner_id": "120211568300",
            "tags": {
              "Name": "HR-stag-eksdemo1",
              "environment": "stag",
              "owners": "HR"
            },
            "tags_all": {
              "Name": "HR-stag-eksdemo1",
              "environment": "stag",
              "owners": "HR"
            }
          },
          "sensitive_attributes": [],
          "private": "eyJzY2hlbWFfdmVyc2lvbiI6IjEifQ=="
        }
      ]
    }
  ],
  "check_results": null
}
