{
  "version": 4,
  "terraform_version": "1.4.6",
  "serial": 805,
  "lineage": "f7d2f79a-2eac-13ff-c130-0f526bf99be8",
  "outputs": {
    "azs": {
      "value": [
        "us-east-1a",
        "us-east-1b",
        "us-east-1c",
        "us-east-1d",
        "us-east-1e",
        "us-east-1f"
      ],
      "type": [
        "list",
        "string"
      ]
    },
    "cluster_arn": {
      "value": "arn:aws:eks:us-east-1:120211568300:cluster/HR-stag-eksdemo1",
      "type": "string"
    },
    "cluster_certificate_authority_data": {
      "value": "LS0tLS1CRUdJTiBDRVJUSUZJQ0FURS0tLS0tCk1JSUMvakNDQWVhZ0F3SUJBZ0lCQURBTkJna3Foa2lHOXcwQkFRc0ZBREFWTVJNd0VRWURWUVFERXdwcmRXSmwKY201bGRHVnpNQjRYRFRJek1EUXlOekUyTXpFeE0xb1hEVE16TURReU5ERTJNekV4TTFvd0ZURVRNQkVHQTFVRQpBeE1LYTNWaVpYSnVaWFJsY3pDQ0FTSXdEUVlKS29aSWh2Y05BUUVCQlFBRGdnRVBBRENDQVFvQ2dnRUJBTGE2CklyV0labWZqR0hzQkhkZndwVlFuM01ReGdhdGhrdDEvUU5pSlBkNnlraWtrbWF4L3huYkYvSW9Sdm5odXZSa0YKbmlDZnJjaUFaT2p3YW9ieS9iSGd5ZFU1SUNGcWJyS1hxNW9hYnVPalJ0ZmFHM3JudWhqRDVOT21OSDVTbUZyTwo0cG5pMzU0YU00cUdja3lKK053eWhCTldQeTF1bkk1OGVvdHR1VUx0YjllOGhSanpEKzloZ1BqQWNGTm1POVd4CnhuRmtWb3NORUxFMFczUi8xQkhuK2owd285ajFqdm9YWm5mNG5OOHVzRnVlTlpGNGd5U2Q4WXkreU9KaTUveFkKOFVkOTY1ZVl2RE5UcjY0c3FHaG05MGEyM0pUTDVHZk4rVXROQm9ZeXVEL3EwMEU4eDNCMFh1WHplenpsa0tBdAozeXA4TUw4aG4vblArM2RyNjc4Q0F3RUFBYU5aTUZjd0RnWURWUjBQQVFIL0JBUURBZ0trTUE4R0ExVWRFd0VCCi93UUZNQU1CQWY4d0hRWURWUjBPQkJZRUZOdTRGcnIwb2FCdWYxekxPMXNBczg2RWhjV25NQlVHQTFVZEVRUU8KTUF5Q0NtdDFZbVZ5Ym1WMFpYTXdEUVlKS29aSWh2Y05BUUVMQlFBRGdnRUJBQ3FxUGc4bWx0dTNSVk9mbU9nQQpzSklaQzBxVmQ1ZTJHelN3QWlZT2NabnRHbStzSUUzVFN6RzFicjluNldaTUM5QUZDWFRPZ2NYMTVZU3JKQzdoCmt5YzdsL01FRC92cDN2WFVKQTdaOXVVMStlTEt4QjBDUC9BcG92YitrYnJZNGRLSGhPVU44L3ZOM3JyZzNXSkwKWU5BQmJxSHNYVkljVkpSZHVZMGRJQUwyUnlUblYvMXU5TEx6VzNYMHV1alR0Z2tBT1Njc3ptUzArbUFDVDJzeAp2aW1rcEkvUUcvSDdQU2V4SmwzRGVIMUdmUEIvcGRCZkdaNDRUd3FHMmM4UjdjQmRuM2lJR29ZWGxMc1pNdjRXCjRjdUE3QTc5c0h2dm02K1IwV050OTFSaHoxU0Z0UmFOZS9zeFovVmllN2UwbkFxVktQZ1RaS1M1U0hFczZRMjYKVlJRPQotLS0tLUVORCBDRVJUSUZJQ0FURS0tLS0tCg==",
      "type": "string"
    },
    "cluster_endpoint": {
      "value": "https://F7DF76511C8FB4157DA9590D734E2691.gr7.us-east-1.eks.amazonaws.com",
      "type": "string"
    },
    "cluster_iam_role_arn": {
      "value": "arn:aws:iam::120211568300:role/HR-stag-eks-master-role",
      "type": "string"
    },
    "cluster_iam_role_name": {
      "value": "HR-stag-eks-master-role",
      "type": "string"
    },
    "cluster_id": {
      "value": "HR-stag-eksdemo1",
      "type": "string"
    },
    "cluster_oidc_issuer_url": {
      "value": "https://oidc.eks.us-east-1.amazonaws.com/id/F7DF76511C8FB4157DA9590D734E2691",
      "type": "string"
    },
    "cluster_primary_security_group_id": {
      "value": "sg-07b4ba7f0fa69e220",
      "type": "string"
    },
    "cluster_security_group_id": {
      "value": [
        null
      ],
      "type": [
        "tuple",
        [
          [
            "set",
            "string"
          ]
        ]
      ]
    },
    "cluster_version": {
      "value": "1.26",
      "type": "string"
    },
    "nat_public_ips": {
      "value": [
        "3.215.124.135"
      ],
      "type": [
        "list",
        "string"
      ]
    },
    "node_group_public_arn": {
      "value": "arn:aws:eks:us-east-1:120211568300:nodegroup/HR-stag-eksdemo1/HR-stag-eks-ng-public/84c3e1c9-6cf6-49c1-ddd2-58bf8e260ca1",
      "type": "string"
    },
    "node_group_public_id": {
      "value": "HR-stag-eksdemo1:HR-stag-eks-ng-public",
      "type": "string"
    },
    "node_group_public_status": {
      "value": "ACTIVE",
      "type": "string"
    },
    "node_group_public_version": {
      "value": "1.26",
      "type": "string"
    },
    "private_subnets": {
      "value": [
        "subnet-0dd31f50384e630b8",
        "subnet-0e0871456067b8f8d"
      ],
      "type": [
        "tuple",
        [
          "string",
          "string"
        ]
      ]
    },
    "public_subnets": {
      "value": [
        "subnet-0a6eff5a7271183f2",
        "subnet-0e0b89904e88838ef"
      ],
      "type": [
        "tuple",
        [
          "string",
          "string"
        ]
      ]
    },
    "vpc_cidr_block": {
      "value": "10.0.0.0/16",
      "type": "string"
    },
    "vpc_id": {
      "value": "vpc-06cfff122a573a443",
      "type": "string"
    }
  },
  "resources": [
    {
      "mode": "data",
      "type": "aws_availability_zones",
      "name": "available",
      "provider": "provider[\"registry.terraform.io/hashicorp/aws\"]",
      "instances": [
        {
          "schema_version": 0,
          "attributes": {
            "all_availability_zones": null,
            "exclude_names": null,
            "exclude_zone_ids": null,
            "filter": null,
            "group_names": [
              "us-east-1"
            ],
            "id": "us-east-1",
            "names": [
              "us-east-1a",
              "us-east-1b",
              "us-east-1c",
              "us-east-1d",
              "us-east-1e",
              "us-east-1f"
            ],
            "state": null,
            "timeouts": null,
            "zone_ids": [
              "use1-az2",
              "use1-az4",
              "use1-az6",
              "use1-az1",
              "use1-az3",
              "use1-az5"
            ]
          },
          "sensitive_attributes": []
        }
      ]
    },
    {
      "mode": "managed",
      "type": "aws_eks_cluster",
      "name": "eks_cluster",
      "provider": "provider[\"registry.terraform.io/hashicorp/aws\"]",
      "instances": [
        {
          "schema_version": 0,
          "attributes": {
            "arn": "arn:aws:eks:us-east-1:120211568300:cluster/HR-stag-eksdemo1",
            "certificate_authority": [
              {
                "data": "LS0tLS1CRUdJTiBDRVJUSUZJQ0FURS0tLS0tCk1JSUMvakNDQWVhZ0F3SUJBZ0lCQURBTkJna3Foa2lHOXcwQkFRc0ZBREFWTVJNd0VRWURWUVFERXdwcmRXSmwKY201bGRHVnpNQjRYRFRJek1EUXlOekUyTXpFeE0xb1hEVE16TURReU5ERTJNekV4TTFvd0ZURVRNQkVHQTFVRQpBeE1LYTNWaVpYSnVaWFJsY3pDQ0FTSXdEUVlKS29aSWh2Y05BUUVCQlFBRGdnRVBBRENDQVFvQ2dnRUJBTGE2CklyV0labWZqR0hzQkhkZndwVlFuM01ReGdhdGhrdDEvUU5pSlBkNnlraWtrbWF4L3huYkYvSW9Sdm5odXZSa0YKbmlDZnJjaUFaT2p3YW9ieS9iSGd5ZFU1SUNGcWJyS1hxNW9hYnVPalJ0ZmFHM3JudWhqRDVOT21OSDVTbUZyTwo0cG5pMzU0YU00cUdja3lKK053eWhCTldQeTF1bkk1OGVvdHR1VUx0YjllOGhSanpEKzloZ1BqQWNGTm1POVd4CnhuRmtWb3NORUxFMFczUi8xQkhuK2owd285ajFqdm9YWm5mNG5OOHVzRnVlTlpGNGd5U2Q4WXkreU9KaTUveFkKOFVkOTY1ZVl2RE5UcjY0c3FHaG05MGEyM0pUTDVHZk4rVXROQm9ZeXVEL3EwMEU4eDNCMFh1WHplenpsa0tBdAozeXA4TUw4aG4vblArM2RyNjc4Q0F3RUFBYU5aTUZjd0RnWURWUjBQQVFIL0JBUURBZ0trTUE4R0ExVWRFd0VCCi93UUZNQU1CQWY4d0hRWURWUjBPQkJZRUZOdTRGcnIwb2FCdWYxekxPMXNBczg2RWhjV25NQlVHQTFVZEVRUU8KTUF5Q0NtdDFZbVZ5Ym1WMFpYTXdEUVlKS29aSWh2Y05BUUVMQlFBRGdnRUJBQ3FxUGc4bWx0dTNSVk9mbU9nQQpzSklaQzBxVmQ1ZTJHelN3QWlZT2NabnRHbStzSUUzVFN6RzFicjluNldaTUM5QUZDWFRPZ2NYMTVZU3JKQzdoCmt5YzdsL01FRC92cDN2WFVKQTdaOXVVMStlTEt4QjBDUC9BcG92YitrYnJZNGRLSGhPVU44L3ZOM3JyZzNXSkwKWU5BQmJxSHNYVkljVkpSZHVZMGRJQUwyUnlUblYvMXU5TEx6VzNYMHV1alR0Z2tBT1Njc3ptUzArbUFDVDJzeAp2aW1rcEkvUUcvSDdQU2V4SmwzRGVIMUdmUEIvcGRCZkdaNDRUd3FHMmM4UjdjQmRuM2lJR29ZWGxMc1pNdjRXCjRjdUE3QTc5c0h2dm02K1IwV050OTFSaHoxU0Z0UmFOZS9zeFovVmllN2UwbkFxVktQZ1RaS1M1U0hFczZRMjYKVlJRPQotLS0tLUVORCBDRVJUSUZJQ0FURS0tLS0tCg=="
              }
            ],
            "cluster_id": null,
            "created_at": "2023-04-27 16:25:30.408 +0000 UTC",
            "enabled_cluster_log_types": [
              "api",
              "audit",
              "authenticator",
              "controllerManager",
              "scheduler"
            ],
            "encryption_config": [],
            "endpoint": "https://F7DF76511C8FB4157DA9590D734E2691.gr7.us-east-1.eks.amazonaws.com",
            "id": "HR-stag-eksdemo1",
            "identity": [
              {
                "oidc": [
                  {
                    "issuer": "https://oidc.eks.us-east-1.amazonaws.com/id/F7DF76511C8FB4157DA9590D734E2691"
                  }
                ]
              }
            ],
            "kubernetes_network_config": [
              {
                "ip_family": "ipv4",
                "service_ipv4_cidr": "172.20.0.0/16",
                "service_ipv6_cidr": ""
              }
            ],
            "name": "HR-stag-eksdemo1",
            "outpost_config": [],
            "platform_version": "eks.1",
            "role_arn": "arn:aws:iam::120211568300:role/HR-stag-eks-master-role",
            "status": "ACTIVE",
            "tags": null,
            "tags_all": {},
            "timeouts": null,
            "version": "1.26",
            "vpc_config": [
              {
                "cluster_security_group_id": "sg-07b4ba7f0fa69e220",
                "endpoint_private_access": true,
                "endpoint_public_access": true,
                "public_access_cidrs": [
                  "0.0.0.0/0"
                ],
                "security_group_ids": null,
                "subnet_ids": [
                  "subnet-0a6eff5a7271183f2",
                  "subnet-0e0b89904e88838ef"
                ],
                "vpc_id": "vpc-06cfff122a573a443"
              }
            ]
          },
          "sensitive_attributes": [],
          "private": "eyJlMmJmYjczMC1lY2FhLTExZTYtOGY4OC0zNDM2M2JjN2M0YzAiOnsiY3JlYXRlIjoxODAwMDAwMDAwMDAwLCJkZWxldGUiOjkwMDAwMDAwMDAwMCwidXBkYXRlIjozNjAwMDAwMDAwMDAwfX0=",
          "dependencies": [
            "aws_iam_role.eks_master_role",
            "aws_iam_role_policy_attachment.eks-AmazonEKSClusterPolicy",
            "aws_iam_role_policy_attachment.eks-AmazonEKSVPCResourceController",
            "data.aws_availability_zones.available",
            "module.vpc.aws_subnet.public",
            "module.vpc.aws_vpc.this",
            "module.vpc.aws_vpc_ipv4_cidr_block_association.this"
          ]
        }
      ]
    },
    {
      "mode": "managed",
      "type": "aws_eks_node_group",
      "name": "eks_ng_public",
      "provider": "provider[\"registry.terraform.io/hashicorp/aws\"]",
      "instances": [
        {
          "schema_version": 0,
          "attributes": {
            "ami_type": "AL2_x86_64",
            "arn": "arn:aws:eks:us-east-1:120211568300:nodegroup/HR-stag-eksdemo1/HR-stag-eks-ng-public/84c3e1c9-6cf6-49c1-ddd2-58bf8e260ca1",
            "capacity_type": "ON_DEMAND",
            "cluster_name": "HR-stag-eksdemo1",
            "disk_size": 20,
            "force_update_version": null,
            "id": "HR-stag-eksdemo1:HR-stag-eks-ng-public",
            "instance_types": [
              "t2.small"
            ],
            "labels": null,
            "launch_template": [],
            "node_group_name": "HR-stag-eks-ng-public",
            "node_group_name_prefix": "",
            "node_role_arn": "arn:aws:iam::120211568300:role/HR-stag-eks-nodegroup-role",
            "release_version": "1.26.2-20230411",
            "remote_access": [
              {
                "ec2_ssh_key": "application-server-key",
                "source_security_group_ids": null
              }
            ],
            "resources": [
              {
                "autoscaling_groups": [
                  {
                    "name": "eks-HR-stag-eks-ng-public-84c3e1c9-6cf6-49c1-ddd2-58bf8e260ca1"
                  }
                ],
                "remote_access_security_group_id": "sg-0b310f07a8a2ace05"
              }
            ],
            "scaling_config": [
              {
                "desired_size": 1,
                "max_size": 2,
                "min_size": 1
              }
            ],
            "status": "ACTIVE",
            "subnet_ids": [
              "subnet-0a6eff5a7271183f2",
              "subnet-0e0b89904e88838ef"
            ],
            "tags": {
              "Name": "Public-Node-Group"
            },
            "tags_all": {
              "Name": "Public-Node-Group"
            },
            "taint": [],
            "timeouts": null,
            "update_config": [
              {
                "max_unavailable": 1,
                "max_unavailable_percentage": 0
              }
            ],
            "version": "1.26"
          },
          "sensitive_attributes": [],
          "private": "eyJlMmJmYjczMC1lY2FhLTExZTYtOGY4OC0zNDM2M2JjN2M0YzAiOnsiY3JlYXRlIjozNjAwMDAwMDAwMDAwLCJkZWxldGUiOjM2MDAwMDAwMDAwMDAsInVwZGF0ZSI6MzYwMDAwMDAwMDAwMH19",
          "dependencies": [
            "aws_eks_cluster.eks_cluster",
            "aws_iam_role.eks_master_role",
            "aws_iam_role.eks_nodegroup_role",
            "aws_iam_role_policy_attachment.eks-AmazonEC2ContainerRegistryReadOnly",
            "aws_iam_role_policy_attachment.eks-AmazonEKSClusterPolicy",
            "aws_iam_role_policy_attachment.eks-AmazonEKSVPCResourceController",
            "aws_iam_role_policy_attachment.eks-AmazonEKSWorkerNodePolicy",
            "aws_iam_role_policy_attachment.eks-AmazonEKS_CNI_Policy",
            "data.aws_availability_zones.available",
            "module.vpc.aws_subnet.public",
            "module.vpc.aws_vpc.this",
            "module.vpc.aws_vpc_ipv4_cidr_block_association.this"
          ]
        }
      ]
    },
    {
      "mode": "managed",
      "type": "aws_iam_role",
      "name": "eks_master_role",
      "provider": "provider[\"registry.terraform.io/hashicorp/aws\"]",
      "instances": [
        {
          "schema_version": 0,
          "attributes": {
            "arn": "arn:aws:iam::120211568300:role/HR-stag-eks-master-role",
            "assume_role_policy": "{\"Statement\":[{\"Action\":\"sts:AssumeRole\",\"Effect\":\"Allow\",\"Principal\":{\"Service\":\"eks.amazonaws.com\"}}],\"Version\":\"2012-10-17\"}",
            "create_date": "2023-04-27T16:24:56Z",
            "description": "",
            "force_detach_policies": false,
            "id": "HR-stag-eks-master-role",
            "inline_policy": [],
            "managed_policy_arns": [],
            "max_session_duration": 3600,
            "name": "HR-stag-eks-master-role",
            "name_prefix": "",
            "path": "/",
            "permissions_boundary": null,
            "role_last_used": [
              {
                "last_used_date": "",
                "region": ""
              }
            ],
            "tags": null,
            "tags_all": {},
            "unique_id": "AROARX7JK62WMCCOZATJ4"
          },
          "sensitive_attributes": [],
          "private": "bnVsbA=="
        }
      ]
    },
    {
      "mode": "managed",
      "type": "aws_iam_role",
      "name": "eks_nodegroup_role",
      "provider": "provider[\"registry.terraform.io/hashicorp/aws\"]",
      "instances": [
        {
          "schema_version": 0,
          "attributes": {
            "arn": "arn:aws:iam::120211568300:role/HR-stag-eks-nodegroup-role",
            "assume_role_policy": "{\"Statement\":[{\"Action\":\"sts:AssumeRole\",\"Effect\":\"Allow\",\"Principal\":{\"Service\":\"ec2.amazonaws.com\"}}],\"Version\":\"2012-10-17\"}",
            "create_date": "2023-04-27T16:24:56Z",
            "description": "",
            "force_detach_policies": false,
            "id": "HR-stag-eks-nodegroup-role",
            "inline_policy": [],
            "managed_policy_arns": [],
            "max_session_duration": 3600,
            "name": "HR-stag-eks-nodegroup-role",
            "name_prefix": "",
            "path": "/",
            "permissions_boundary": null,
            "role_last_used": [
              {
                "last_used_date": "",
                "region": ""
              }
            ],
            "tags": null,
            "tags_all": {},
            "unique_id": "AROARX7JK62WEJV7C4SIN"
          },
          "sensitive_attributes": [],
          "private": "bnVsbA=="
        }
      ]
    },
    {
      "mode": "managed",
      "type": "aws_iam_role_policy_attachment",
      "name": "eks-AmazonEC2ContainerRegistryReadOnly",
      "provider": "provider[\"registry.terraform.io/hashicorp/aws\"]",
      "instances": [
        {
          "schema_version": 0,
          "attributes": {
            "id": "HR-stag-eks-nodegroup-role-20230427162459178700000004",
            "policy_arn": "arn:aws:iam::aws:policy/AmazonEC2ContainerRegistryReadOnly",
            "role": "HR-stag-eks-nodegroup-role"
          },
          "sensitive_attributes": [],
          "private": "bnVsbA==",
          "dependencies": [
            "aws_iam_role.eks_nodegroup_role"
          ]
        }
      ]
    },
    {
      "mode": "managed",
      "type": "aws_iam_role_policy_attachment",
      "name": "eks-AmazonEKSClusterPolicy",
      "provider": "provider[\"registry.terraform.io/hashicorp/aws\"]",
      "instances": [
        {
          "schema_version": 0,
          "attributes": {
            "id": "HR-stag-eks-master-role-20230427162458682500000002",
            "policy_arn": "arn:aws:iam::aws:policy/AmazonEKSClusterPolicy",
            "role": "HR-stag-eks-master-role"
          },
          "sensitive_attributes": [],
          "private": "bnVsbA==",
          "dependencies": [
            "aws_iam_role.eks_master_role"
          ]
        }
      ]
    },
    {
      "mode": "managed",
      "type": "aws_iam_role_policy_attachment",
      "name": "eks-AmazonEKSVPCResourceController",
      "provider": "provider[\"registry.terraform.io/hashicorp/aws\"]",
      "instances": [
        {
          "schema_version": 0,
          "attributes": {
            "id": "HR-stag-eks-master-role-20230427162458517800000001",
            "policy_arn": "arn:aws:iam::aws:policy/AmazonEKSVPCResourceController",
            "role": "HR-stag-eks-master-role"
          },
          "sensitive_attributes": [],
          "private": "bnVsbA==",
          "dependencies": [
            "aws_iam_role.eks_master_role"
          ]
        }
      ]
    },
    {
      "mode": "managed",
      "type": "aws_iam_role_policy_attachment",
      "name": "eks-AmazonEKSWorkerNodePolicy",
      "provider": "provider[\"registry.terraform.io/hashicorp/aws\"]",
      "instances": [
        {
          "schema_version": 0,
          "attributes": {
            "id": "HR-stag-eks-nodegroup-role-20230427162459066400000003",
            "policy_arn": "arn:aws:iam::aws:policy/AmazonEKSWorkerNodePolicy",
            "role": "HR-stag-eks-nodegroup-role"
          },
          "sensitive_attributes": [],
          "private": "bnVsbA==",
          "dependencies": [
            "aws_iam_role.eks_nodegroup_role"
          ]
        }
      ]
    },
    {
      "mode": "managed",
      "type": "aws_iam_role_policy_attachment",
      "name": "eks-AmazonEKS_CNI_Policy",
      "provider": "provider[\"registry.terraform.io/hashicorp/aws\"]",
      "instances": [
        {
          "schema_version": 0,
          "attributes": {
            "id": "HR-stag-eks-nodegroup-role-20230427162459569700000005",
            "policy_arn": "arn:aws:iam::aws:policy/AmazonEKS_CNI_Policy",
            "role": "HR-stag-eks-nodegroup-role"
          },
          "sensitive_attributes": [],
          "private": "bnVsbA==",
          "dependencies": [
            "aws_iam_role.eks_nodegroup_role"
          ]
        }
      ]
    },
    {
      "module": "module.vpc",
      "mode": "managed",
      "type": "aws_db_subnet_group",
      "name": "database",
      "provider": "provider[\"registry.terraform.io/hashicorp/aws\"]",
      "instances": [
        {
          "index_key": 0,
          "schema_version": 0,
          "attributes": {
            "arn": "arn:aws:rds:us-east-1:120211568300:subgrp:hr-stag-eksdemo1",
            "description": "Database subnet group for HR-stag-eksdemo1",
            "id": "hr-stag-eksdemo1",
            "name": "hr-stag-eksdemo1",
            "name_prefix": "",
            "subnet_ids": [
              "subnet-0313e7c1c2432b94d",
              "subnet-045e38b66c636c611"
            ],
            "supported_network_types": [
              "IPV4"
            ],
            "tags": {
              "Name": "hr-stag-eksdemo1",
              "environment": "stag",
              "owners": "HR"
            },
            "tags_all": {
              "Name": "hr-stag-eksdemo1",
              "environment": "stag",
              "owners": "HR"
            }
          },
          "sensitive_attributes": [],
          "private": "bnVsbA==",
          "dependencies": [
            "data.aws_availability_zones.available",
            "module.vpc.aws_subnet.database",
            "module.vpc.aws_vpc.this",
            "module.vpc.aws_vpc_ipv4_cidr_block_association.this"
          ]
        }
      ]
    },
    {
      "module": "module.vpc",
      "mode": "managed",
      "type": "aws_default_network_acl",
      "name": "this",
      "provider": "provider[\"registry.terraform.io/hashicorp/aws\"]",
      "instances": [
        {
          "index_key": 0,
          "schema_version": 0,
          "attributes": {
            "arn": "arn:aws:ec2:us-east-1:120211568300:network-acl/acl-0cf8681e694d0b2b8",
            "default_network_acl_id": "acl-0cf8681e694d0b2b8",
            "egress": [
              {
                "action": "allow",
                "cidr_block": "",
                "from_port": 0,
                "icmp_code": null,
                "icmp_type": null,
                "ipv6_cidr_block": "::/0",
                "protocol": "-1",
                "rule_no": 101,
                "to_port": 0
              },
              {
                "action": "allow",
                "cidr_block": "0.0.0.0/0",
                "from_port": 0,
                "icmp_code": null,
                "icmp_type": null,
                "ipv6_cidr_block": "",
                "protocol": "-1",
                "rule_no": 100,
                "to_port": 0
              }
            ],
            "id": "acl-0cf8681e694d0b2b8",
            "ingress": [
              {
                "action": "allow",
                "cidr_block": "",
                "from_port": 0,
                "icmp_code": null,
                "icmp_type": null,
                "ipv6_cidr_block": "::/0",
                "protocol": "-1",
                "rule_no": 101,
                "to_port": 0
              },
              {
                "action": "allow",
                "cidr_block": "0.0.0.0/0",
                "from_port": 0,
                "icmp_code": null,
                "icmp_type": null,
                "ipv6_cidr_block": "",
                "protocol": "-1",
                "rule_no": 100,
                "to_port": 0
              }
            ],
            "owner_id": "120211568300",
            "subnet_ids": [
              "subnet-0313e7c1c2432b94d",
              "subnet-045e38b66c636c611",
              "subnet-0a6eff5a7271183f2",
              "subnet-0dd31f50384e630b8",
              "subnet-0e0871456067b8f8d",
              "subnet-0e0b89904e88838ef"
            ],
            "tags": {
              "Name": "HR-stag-eksdemo1-default",
              "environment": "stag",
              "owners": "HR"
            },
            "tags_all": {
              "Name": "HR-stag-eksdemo1-default",
              "environment": "stag",
              "owners": "HR"
            },
            "vpc_id": "vpc-06cfff122a573a443"
          },
          "sensitive_attributes": [],
          "private": "bnVsbA==",
          "dependencies": [
            "module.vpc.aws_vpc.this"
          ]
        }
      ]
    },
    {
      "module": "module.vpc",
      "mode": "managed",
      "type": "aws_default_route_table",
      "name": "default",
      "provider": "provider[\"registry.terraform.io/hashicorp/aws\"]",
      "instances": [
        {
          "index_key": 0,
          "schema_version": 0,
          "attributes": {
            "arn": "arn:aws:ec2:us-east-1:120211568300:route-table/rtb-096fb427596b540f1",
            "default_route_table_id": "rtb-096fb427596b540f1",
            "id": "rtb-096fb427596b540f1",
            "owner_id": "120211568300",
            "propagating_vgws": null,
            "route": [],
            "tags": {
              "Name": "HR-stag-eksdemo1-default",
              "environment": "stag",
              "owners": "HR"
            },
            "tags_all": {
              "Name": "HR-stag-eksdemo1-default",
              "environment": "stag",
              "owners": "HR"
            },
            "timeouts": {
              "create": "5m",
              "update": "5m"
            },
            "vpc_id": "vpc-06cfff122a573a443"
          },
          "sensitive_attributes": [],
          "private": "eyJlMmJmYjczMC1lY2FhLTExZTYtOGY4OC0zNDM2M2JjN2M0YzAiOnsiY3JlYXRlIjozMDAwMDAwMDAwMDAsInVwZGF0ZSI6MzAwMDAwMDAwMDAwfX0=",
          "dependencies": [
            "module.vpc.aws_vpc.this"
          ]
        }
      ]
    },
    {
      "module": "module.vpc",
      "mode": "managed",
      "type": "aws_default_security_group",
      "name": "this",
      "provider": "provider[\"registry.terraform.io/hashicorp/aws\"]",
      "instances": [
        {
          "index_key": 0,
          "schema_version": 1,
          "attributes": {
            "arn": "arn:aws:ec2:us-east-1:120211568300:security-group/sg-05cc49057d24b2e9f",
            "description": "default VPC security group",
            "egress": [],
            "id": "sg-05cc49057d24b2e9f",
            "ingress": [],
            "name": "default",
            "name_prefix": "",
            "owner_id": "120211568300",
            "revoke_rules_on_delete": false,
            "tags": {
              "Name": "HR-stag-eksdemo1-default",
              "environment": "stag",
              "owners": "HR"
            },
            "tags_all": {
              "Name": "HR-stag-eksdemo1-default",
              "environment": "stag",
              "owners": "HR"
            },
            "vpc_id": "vpc-06cfff122a573a443"
          },
          "sensitive_attributes": [],
          "private": "eyJzY2hlbWFfdmVyc2lvbiI6IjEifQ==",
          "dependencies": [
            "module.vpc.aws_vpc.this"
          ]
        }
      ]
    },
    {
      "module": "module.vpc",
      "mode": "managed",
      "type": "aws_eip",
      "name": "nat",
      "provider": "provider[\"registry.terraform.io/hashicorp/aws\"]",
      "instances": [
        {
          "index_key": 0,
          "schema_version": 0,
          "attributes": {
            "address": null,
            "allocation_id": "eipalloc-094ab3aa38a62197f",
            "associate_with_private_ip": null,
            "association_id": "",
            "carrier_ip": "",
            "customer_owned_ip": "",
            "customer_owned_ipv4_pool": "",
            "domain": "vpc",
            "id": "eipalloc-094ab3aa38a62197f",
            "instance": "",
            "network_border_group": "us-east-1",
            "network_interface": "",
            "private_dns": null,
            "private_ip": "",
            "public_dns": "ec2-3-215-124-135.compute-1.amazonaws.com",
            "public_ip": "3.215.124.135",
            "public_ipv4_pool": "amazon",
            "tags": {
              "Name": "HR-stag-eksdemo1-us-east-1a",
              "environment": "stag",
              "owners": "HR"
            },
            "tags_all": {
              "Name": "HR-stag-eksdemo1-us-east-1a",
              "environment": "stag",
              "owners": "HR"
            },
            "timeouts": null,
            "vpc": true
          },
          "sensitive_attributes": [],
          "private": "eyJlMmJmYjczMC1lY2FhLTExZTYtOGY4OC0zNDM2M2JjN2M0YzAiOnsiZGVsZXRlIjoxODAwMDAwMDAwMDAsInJlYWQiOjkwMDAwMDAwMDAwMCwidXBkYXRlIjozMDAwMDAwMDAwMDB9fQ==",
          "dependencies": [
            "data.aws_availability_zones.available"
          ]
        }
      ]
    },
    {
      "module": "module.vpc",
      "mode": "managed",
      "type": "aws_internet_gateway",
      "name": "this",
      "provider": "provider[\"registry.terraform.io/hashicorp/aws\"]",
      "instances": [
        {
          "index_key": 0,
          "schema_version": 0,
          "attributes": {
            "arn": "arn:aws:ec2:us-east-1:120211568300:internet-gateway/igw-04bcf73edc99fae96",
            "id": "igw-04bcf73edc99fae96",
            "owner_id": "120211568300",
            "tags": {
              "Name": "HR-stag-eksdemo1",
              "environment": "stag",
              "owners": "HR"
            },
            "tags_all": {
              "Name": "HR-stag-eksdemo1",
              "environment": "stag",
              "owners": "HR"
            },
            "timeouts": null,
            "vpc_id": "vpc-06cfff122a573a443"
          },
          "sensitive_attributes": [],
          "private": "eyJlMmJmYjczMC1lY2FhLTExZTYtOGY4OC0zNDM2M2JjN2M0YzAiOnsiY3JlYXRlIjoxMjAwMDAwMDAwMDAwLCJkZWxldGUiOjEyMDAwMDAwMDAwMDAsInVwZGF0ZSI6MTIwMDAwMDAwMDAwMH19",
          "dependencies": [
            "module.vpc.aws_vpc.this",
            "module.vpc.aws_vpc_ipv4_cidr_block_association.this"
          ]
        }
      ]
    },
    {
      "module": "module.vpc",
      "mode": "managed",
      "type": "aws_nat_gateway",
      "name": "this",
      "provider": "provider[\"registry.terraform.io/hashicorp/aws\"]",
      "instances": [
        {
          "index_key": 0,
          "schema_version": 0,
          "attributes": {
            "allocation_id": "eipalloc-094ab3aa38a62197f",
            "association_id": "eipassoc-050c74c1547da61e2",
            "connectivity_type": "public",
            "id": "nat-04599b20108d8a232",
            "network_interface_id": "eni-02a243bc6a544bf01",
            "private_ip": "10.0.101.95",
            "public_ip": "3.215.124.135",
            "subnet_id": "subnet-0a6eff5a7271183f2",
            "tags": {
              "Name": "HR-stag-eksdemo1-us-east-1a",
              "environment": "stag",
              "owners": "HR"
            },
            "tags_all": {
              "Name": "HR-stag-eksdemo1-us-east-1a",
              "environment": "stag",
              "owners": "HR"
            }
          },
          "sensitive_attributes": [],
          "private": "bnVsbA==",
          "dependencies": [
            "data.aws_availability_zones.available",
            "module.vpc.aws_eip.nat",
            "module.vpc.aws_internet_gateway.this",
            "module.vpc.aws_subnet.public",
            "module.vpc.aws_vpc.this",
            "module.vpc.aws_vpc_ipv4_cidr_block_association.this"
          ]
        }
      ]
    },
    {
      "module": "module.vpc",
      "mode": "managed",
      "type": "aws_route",
      "name": "private_nat_gateway",
      "provider": "provider[\"registry.terraform.io/hashicorp/aws\"]",
      "instances": [
        {
          "index_key": 0,
          "schema_version": 0,
          "attributes": {
            "carrier_gateway_id": "",
            "core_network_arn": "",
            "destination_cidr_block": "0.0.0.0/0",
            "destination_ipv6_cidr_block": "",
            "destination_prefix_list_id": "",
            "egress_only_gateway_id": "",
            "gateway_id": "",
            "id": "r-rtb-006f61586d5c804d61080289494",
            "instance_id": "",
            "instance_owner_id": "",
            "local_gateway_id": "",
            "nat_gateway_id": "nat-04599b20108d8a232",
            "network_interface_id": "",
            "origin": "CreateRoute",
            "route_table_id": "rtb-006f61586d5c804d6",
            "state": "active",
            "timeouts": {
              "create": "5m",
              "delete": null,
              "update": null
            },
            "transit_gateway_id": "",
            "vpc_endpoint_id": "",
            "vpc_peering_connection_id": ""
          },
          "sensitive_attributes": [],
          "private": "eyJlMmJmYjczMC1lY2FhLTExZTYtOGY4OC0zNDM2M2JjN2M0YzAiOnsiY3JlYXRlIjozMDAwMDAwMDAwMDAsImRlbGV0ZSI6MzAwMDAwMDAwMDAwLCJ1cGRhdGUiOjEyMDAwMDAwMDAwMH19",
          "dependencies": [
            "data.aws_availability_zones.available",
            "module.vpc.aws_eip.nat",
            "module.vpc.aws_internet_gateway.this",
            "module.vpc.aws_nat_gateway.this",
            "module.vpc.aws_route_table.private",
            "module.vpc.aws_subnet.public",
            "module.vpc.aws_vpc.this",
            "module.vpc.aws_vpc_ipv4_cidr_block_association.this"
          ]
        }
      ]
    },
    {
      "module": "module.vpc",
      "mode": "managed",
      "type": "aws_route",
      "name": "public_internet_gateway",
      "provider": "provider[\"registry.terraform.io/hashicorp/aws\"]",
      "instances": [
        {
          "index_key": 0,
          "schema_version": 0,
          "attributes": {
            "carrier_gateway_id": "",
            "core_network_arn": "",
            "destination_cidr_block": "0.0.0.0/0",
            "destination_ipv6_cidr_block": "",
            "destination_prefix_list_id": "",
            "egress_only_gateway_id": "",
            "gateway_id": "igw-04bcf73edc99fae96",
            "id": "r-rtb-0a224f65cca7305611080289494",
            "instance_id": "",
            "instance_owner_id": "",
            "local_gateway_id": "",
            "nat_gateway_id": "",
            "network_interface_id": "",
            "origin": "CreateRoute",
            "route_table_id": "rtb-0a224f65cca730561",
            "state": "active",
            "timeouts": {
              "create": "5m",
              "delete": null,
              "update": null
            },
            "transit_gateway_id": "",
            "vpc_endpoint_id": "",
            "vpc_peering_connection_id": ""
          },
          "sensitive_attributes": [],
          "private": "eyJlMmJmYjczMC1lY2FhLTExZTYtOGY4OC0zNDM2M2JjN2M0YzAiOnsiY3JlYXRlIjozMDAwMDAwMDAwMDAsImRlbGV0ZSI6MzAwMDAwMDAwMDAwLCJ1cGRhdGUiOjEyMDAwMDAwMDAwMH19",
          "dependencies": [
            "module.vpc.aws_internet_gateway.this",
            "module.vpc.aws_route_table.public",
            "module.vpc.aws_vpc.this",
            "module.vpc.aws_vpc_ipv4_cidr_block_association.this"
          ]
        }
      ]
    },
    {
      "module": "module.vpc",
      "mode": "managed",
      "type": "aws_route_table",
      "name": "database",
      "provider": "provider[\"registry.terraform.io/hashicorp/aws\"]",
      "instances": [
        {
          "index_key": 0,
          "schema_version": 0,
          "attributes": {
            "arn": "arn:aws:ec2:us-east-1:120211568300:route-table/rtb-08b10901bb71486c7",
            "id": "rtb-08b10901bb71486c7",
            "owner_id": "120211568300",
            "propagating_vgws": [],
            "route": [],
            "tags": {
              "Name": "HR-stag-eksdemo1-db",
              "environment": "stag",
              "owners": "HR"
            },
            "tags_all": {
              "Name": "HR-stag-eksdemo1-db",
              "environment": "stag",
              "owners": "HR"
            },
            "timeouts": null,
            "vpc_id": "vpc-06cfff122a573a443"
          },
          "sensitive_attributes": [],
          "private": "eyJlMmJmYjczMC1lY2FhLTExZTYtOGY4OC0zNDM2M2JjN2M0YzAiOnsiY3JlYXRlIjozMDAwMDAwMDAwMDAsImRlbGV0ZSI6MzAwMDAwMDAwMDAwLCJ1cGRhdGUiOjEyMDAwMDAwMDAwMH19",
          "dependencies": [
            "data.aws_availability_zones.available",
            "module.vpc.aws_vpc.this",
            "module.vpc.aws_vpc_ipv4_cidr_block_association.this"
          ]
        }
      ]
    },
    {
      "module": "module.vpc",
      "mode": "managed",
      "type": "aws_route_table",
      "name": "private",
      "provider": "provider[\"registry.terraform.io/hashicorp/aws\"]",
      "instances": [
        {
          "index_key": 0,
          "schema_version": 0,
          "attributes": {
            "arn": "arn:aws:ec2:us-east-1:120211568300:route-table/rtb-006f61586d5c804d6",
            "id": "rtb-006f61586d5c804d6",
            "owner_id": "120211568300",
            "propagating_vgws": [],
            "route": [],
            "tags": {
              "Name": "HR-stag-eksdemo1-private",
              "environment": "stag",
              "owners": "HR"
            },
            "tags_all": {
              "Name": "HR-stag-eksdemo1-private",
              "environment": "stag",
              "owners": "HR"
            },
            "timeouts": null,
            "vpc_id": "vpc-06cfff122a573a443"
          },
          "sensitive_attributes": [],
          "private": "eyJlMmJmYjczMC1lY2FhLTExZTYtOGY4OC0zNDM2M2JjN2M0YzAiOnsiY3JlYXRlIjozMDAwMDAwMDAwMDAsImRlbGV0ZSI6MzAwMDAwMDAwMDAwLCJ1cGRhdGUiOjEyMDAwMDAwMDAwMH19",
          "dependencies": [
            "data.aws_availability_zones.available",
            "module.vpc.aws_vpc.this",
            "module.vpc.aws_vpc_ipv4_cidr_block_association.this"
          ]
        }
      ]
    },
    {
      "module": "module.vpc",
      "mode": "managed",
      "type": "aws_route_table",
      "name": "public",
      "provider": "provider[\"registry.terraform.io/hashicorp/aws\"]",
      "instances": [
        {
          "index_key": 0,
          "schema_version": 0,
          "attributes": {
            "arn": "arn:aws:ec2:us-east-1:120211568300:route-table/rtb-0a224f65cca730561",
            "id": "rtb-0a224f65cca730561",
            "owner_id": "120211568300",
            "propagating_vgws": [],
            "route": [],
            "tags": {
              "Name": "HR-stag-eksdemo1-public",
              "environment": "stag",
              "owners": "HR"
            },
            "tags_all": {
              "Name": "HR-stag-eksdemo1-public",
              "environment": "stag",
              "owners": "HR"
            },
            "timeouts": null,
            "vpc_id": "vpc-06cfff122a573a443"
          },
          "sensitive_attributes": [],
          "private": "eyJlMmJmYjczMC1lY2FhLTExZTYtOGY4OC0zNDM2M2JjN2M0YzAiOnsiY3JlYXRlIjozMDAwMDAwMDAwMDAsImRlbGV0ZSI6MzAwMDAwMDAwMDAwLCJ1cGRhdGUiOjEyMDAwMDAwMDAwMH19",
          "dependencies": [
            "module.vpc.aws_vpc.this",
            "module.vpc.aws_vpc_ipv4_cidr_block_association.this"
          ]
        }
      ]
    },
    {
      "module": "module.vpc",
      "mode": "managed",
      "type": "aws_route_table_association",
      "name": "database",
      "provider": "provider[\"registry.terraform.io/hashicorp/aws\"]",
      "instances": [
        {
          "index_key": 0,
          "schema_version": 0,
          "attributes": {
            "gateway_id": "",
            "id": "rtbassoc-0ef5778259d482e15",
            "route_table_id": "rtb-08b10901bb71486c7",
            "subnet_id": "subnet-0313e7c1c2432b94d",
            "timeouts": null
          },
          "sensitive_attributes": [],
          "private": "eyJlMmJmYjczMC1lY2FhLTExZTYtOGY4OC0zNDM2M2JjN2M0YzAiOnsiY3JlYXRlIjozMDAwMDAwMDAwMDAsImRlbGV0ZSI6MzAwMDAwMDAwMDAwLCJ1cGRhdGUiOjEyMDAwMDAwMDAwMH19",
          "dependencies": [
            "data.aws_availability_zones.available",
            "module.vpc.aws_route_table.database",
            "module.vpc.aws_route_table.private",
            "module.vpc.aws_subnet.database",
            "module.vpc.aws_vpc.this",
            "module.vpc.aws_vpc_ipv4_cidr_block_association.this"
          ]
        },
        {
          "index_key": 1,
          "schema_version": 0,
          "attributes": {
            "gateway_id": "",
            "id": "rtbassoc-0a728c5e7cb4bd48d",
            "route_table_id": "rtb-08b10901bb71486c7",
            "subnet_id": "subnet-045e38b66c636c611",
            "timeouts": null
          },
          "sensitive_attributes": [],
          "private": "eyJlMmJmYjczMC1lY2FhLTExZTYtOGY4OC0zNDM2M2JjN2M0YzAiOnsiY3JlYXRlIjozMDAwMDAwMDAwMDAsImRlbGV0ZSI6MzAwMDAwMDAwMDAwLCJ1cGRhdGUiOjEyMDAwMDAwMDAwMH19",
          "dependencies": [
            "data.aws_availability_zones.available",
            "module.vpc.aws_route_table.database",
            "module.vpc.aws_route_table.private",
            "module.vpc.aws_subnet.database",
            "module.vpc.aws_vpc.this",
            "module.vpc.aws_vpc_ipv4_cidr_block_association.this"
          ]
        }
      ]
    },
    {
      "module": "module.vpc",
      "mode": "managed",
      "type": "aws_route_table_association",
      "name": "private",
      "provider": "provider[\"registry.terraform.io/hashicorp/aws\"]",
      "instances": [
        {
          "index_key": 0,
          "schema_version": 0,
          "attributes": {
            "gateway_id": "",
            "id": "rtbassoc-0a65d0f774e8faf5e",
            "route_table_id": "rtb-006f61586d5c804d6",
            "subnet_id": "subnet-0dd31f50384e630b8",
            "timeouts": null
          },
          "sensitive_attributes": [],
          "private": "eyJlMmJmYjczMC1lY2FhLTExZTYtOGY4OC0zNDM2M2JjN2M0YzAiOnsiY3JlYXRlIjozMDAwMDAwMDAwMDAsImRlbGV0ZSI6MzAwMDAwMDAwMDAwLCJ1cGRhdGUiOjEyMDAwMDAwMDAwMH19",
          "dependencies": [
            "data.aws_availability_zones.available",
            "module.vpc.aws_route_table.private",
            "module.vpc.aws_subnet.private",
            "module.vpc.aws_vpc.this",
            "module.vpc.aws_vpc_ipv4_cidr_block_association.this"
          ]
        },
        {
          "index_key": 1,
          "schema_version": 0,
          "attributes": {
            "gateway_id": "",
            "id": "rtbassoc-0cc8a3ea957f3a915",
            "route_table_id": "rtb-006f61586d5c804d6",
            "subnet_id": "subnet-0e0871456067b8f8d",
            "timeouts": null
          },
          "sensitive_attributes": [],
          "private": "eyJlMmJmYjczMC1lY2FhLTExZTYtOGY4OC0zNDM2M2JjN2M0YzAiOnsiY3JlYXRlIjozMDAwMDAwMDAwMDAsImRlbGV0ZSI6MzAwMDAwMDAwMDAwLCJ1cGRhdGUiOjEyMDAwMDAwMDAwMH19",
          "dependencies": [
            "data.aws_availability_zones.available",
            "module.vpc.aws_route_table.private",
            "module.vpc.aws_subnet.private",
            "module.vpc.aws_vpc.this",
            "module.vpc.aws_vpc_ipv4_cidr_block_association.this"
          ]
        }
      ]
    },
    {
      "module": "module.vpc",
      "mode": "managed",
      "type": "aws_route_table_association",
      "name": "public",
      "provider": "provider[\"registry.terraform.io/hashicorp/aws\"]",
      "instances": [
        {
          "index_key": 0,
          "schema_version": 0,
          "attributes": {
            "gateway_id": "",
            "id": "rtbassoc-0bf45537ea9033e7d",
            "route_table_id": "rtb-0a224f65cca730561",
            "subnet_id": "subnet-0a6eff5a7271183f2",
            "timeouts": null
          },
          "sensitive_attributes": [],
          "private": "eyJlMmJmYjczMC1lY2FhLTExZTYtOGY4OC0zNDM2M2JjN2M0YzAiOnsiY3JlYXRlIjozMDAwMDAwMDAwMDAsImRlbGV0ZSI6MzAwMDAwMDAwMDAwLCJ1cGRhdGUiOjEyMDAwMDAwMDAwMH19",
          "dependencies": [
            "data.aws_availability_zones.available",
            "module.vpc.aws_route_table.public",
            "module.vpc.aws_subnet.public",
            "module.vpc.aws_vpc.this",
            "module.vpc.aws_vpc_ipv4_cidr_block_association.this"
          ]
        },
        {
          "index_key": 1,
          "schema_version": 0,
          "attributes": {
            "gateway_id": "",
            "id": "rtbassoc-038321bed6301fcfb",
            "route_table_id": "rtb-0a224f65cca730561",
            "subnet_id": "subnet-0e0b89904e88838ef",
            "timeouts": null
          },
          "sensitive_attributes": [],
          "private": "eyJlMmJmYjczMC1lY2FhLTExZTYtOGY4OC0zNDM2M2JjN2M0YzAiOnsiY3JlYXRlIjozMDAwMDAwMDAwMDAsImRlbGV0ZSI6MzAwMDAwMDAwMDAwLCJ1cGRhdGUiOjEyMDAwMDAwMDAwMH19",
          "dependencies": [
            "data.aws_availability_zones.available",
            "module.vpc.aws_route_table.public",
            "module.vpc.aws_subnet.public",
            "module.vpc.aws_vpc.this",
            "module.vpc.aws_vpc_ipv4_cidr_block_association.this"
          ]
        }
      ]
    },
    {
      "module": "module.vpc",
      "mode": "managed",
      "type": "aws_subnet",
      "name": "database",
      "provider": "provider[\"registry.terraform.io/hashicorp/aws\"]",
      "instances": [
        {
          "index_key": 0,
          "schema_version": 1,
          "attributes": {
            "arn": "arn:aws:ec2:us-east-1:120211568300:subnet/subnet-0313e7c1c2432b94d",
            "assign_ipv6_address_on_creation": false,
            "availability_zone": "us-east-1a",
            "availability_zone_id": "use1-az2",
            "cidr_block": "10.0.151.0/24",
            "customer_owned_ipv4_pool": "",
            "enable_dns64": false,
            "enable_lni_at_device_index": 0,
            "enable_resource_name_dns_a_record_on_launch": false,
            "enable_resource_name_dns_aaaa_record_on_launch": false,
            "id": "subnet-0313e7c1c2432b94d",
            "ipv6_cidr_block": "",
            "ipv6_cidr_block_association_id": "",
            "ipv6_native": false,
            "map_customer_owned_ip_on_launch": false,
            "map_public_ip_on_launch": false,
            "outpost_arn": "",
            "owner_id": "120211568300",
            "private_dns_hostname_type_on_launch": "ip-name",
            "tags": {
              "Name": "HR-stag-eksdemo1-db-us-east-1a",
              "Type": "database-subnets",
              "environment": "stag",
              "owners": "HR"
            },
            "tags_all": {
              "Name": "HR-stag-eksdemo1-db-us-east-1a",
              "Type": "database-subnets",
              "environment": "stag",
              "owners": "HR"
            },
            "timeouts": null,
            "vpc_id": "vpc-06cfff122a573a443"
          },
          "sensitive_attributes": [],
          "private": "eyJlMmJmYjczMC1lY2FhLTExZTYtOGY4OC0zNDM2M2JjN2M0YzAiOnsiY3JlYXRlIjo2MDAwMDAwMDAwMDAsImRlbGV0ZSI6MTIwMDAwMDAwMDAwMH0sInNjaGVtYV92ZXJzaW9uIjoiMSJ9",
          "dependencies": [
            "data.aws_availability_zones.available",
            "module.vpc.aws_vpc.this",
            "module.vpc.aws_vpc_ipv4_cidr_block_association.this"
          ]
        },
        {
          "index_key": 1,
          "schema_version": 1,
          "attributes": {
            "arn": "arn:aws:ec2:us-east-1:120211568300:subnet/subnet-045e38b66c636c611",
            "assign_ipv6_address_on_creation": false,
            "availability_zone": "us-east-1b",
            "availability_zone_id": "use1-az4",
            "cidr_block": "10.0.152.0/24",
            "customer_owned_ipv4_pool": "",
            "enable_dns64": false,
            "enable_lni_at_device_index": 0,
            "enable_resource_name_dns_a_record_on_launch": false,
            "enable_resource_name_dns_aaaa_record_on_launch": false,
            "id": "subnet-045e38b66c636c611",
            "ipv6_cidr_block": "",
            "ipv6_cidr_block_association_id": "",
            "ipv6_native": false,
            "map_customer_owned_ip_on_launch": false,
            "map_public_ip_on_launch": false,
            "outpost_arn": "",
            "owner_id": "120211568300",
            "private_dns_hostname_type_on_launch": "ip-name",
            "tags": {
              "Name": "HR-stag-eksdemo1-db-us-east-1b",
              "Type": "database-subnets",
              "environment": "stag",
              "owners": "HR"
            },
            "tags_all": {
              "Name": "HR-stag-eksdemo1-db-us-east-1b",
              "Type": "database-subnets",
              "environment": "stag",
              "owners": "HR"
            },
            "timeouts": null,
            "vpc_id": "vpc-06cfff122a573a443"
          },
          "sensitive_attributes": [],
          "private": "eyJlMmJmYjczMC1lY2FhLTExZTYtOGY4OC0zNDM2M2JjN2M0YzAiOnsiY3JlYXRlIjo2MDAwMDAwMDAwMDAsImRlbGV0ZSI6MTIwMDAwMDAwMDAwMH0sInNjaGVtYV92ZXJzaW9uIjoiMSJ9",
          "dependencies": [
            "data.aws_availability_zones.available",
            "module.vpc.aws_vpc.this",
            "module.vpc.aws_vpc_ipv4_cidr_block_association.this"
          ]
        }
      ]
    },
    {
      "module": "module.vpc",
      "mode": "managed",
      "type": "aws_subnet",
      "name": "private",
      "provider": "provider[\"registry.terraform.io/hashicorp/aws\"]",
      "instances": [
        {
          "index_key": 0,
          "schema_version": 1,
          "attributes": {
            "arn": "arn:aws:ec2:us-east-1:120211568300:subnet/subnet-0dd31f50384e630b8",
            "assign_ipv6_address_on_creation": false,
            "availability_zone": "us-east-1a",
            "availability_zone_id": "use1-az2",
            "cidr_block": "10.0.1.0/24",
            "customer_owned_ipv4_pool": "",
            "enable_dns64": false,
            "enable_lni_at_device_index": 0,
            "enable_resource_name_dns_a_record_on_launch": false,
            "enable_resource_name_dns_aaaa_record_on_launch": false,
            "id": "subnet-0dd31f50384e630b8",
            "ipv6_cidr_block": "",
            "ipv6_cidr_block_association_id": "",
            "ipv6_native": false,
            "map_customer_owned_ip_on_launch": false,
            "map_public_ip_on_launch": false,
            "outpost_arn": "",
            "owner_id": "120211568300",
            "private_dns_hostname_type_on_launch": "ip-name",
            "tags": {
              "Name": "HR-stag-eksdemo1-private-us-east-1a",
              "Type": "private-subnets",
              "environment": "stag",
              "kubernetes.io/cluster/HR-stag-eksdemo1": "shared",
              "kubernetes.io/role/internal-elb": "1",
              "owners": "HR"
            },
            "tags_all": {
              "Name": "HR-stag-eksdemo1-private-us-east-1a",
              "Type": "private-subnets",
              "environment": "stag",
              "kubernetes.io/cluster/HR-stag-eksdemo1": "shared",
              "kubernetes.io/role/internal-elb": "1",
              "owners": "HR"
            },
            "timeouts": null,
            "vpc_id": "vpc-06cfff122a573a443"
          },
          "sensitive_attributes": [],
          "private": "eyJlMmJmYjczMC1lY2FhLTExZTYtOGY4OC0zNDM2M2JjN2M0YzAiOnsiY3JlYXRlIjo2MDAwMDAwMDAwMDAsImRlbGV0ZSI6MTIwMDAwMDAwMDAwMH0sInNjaGVtYV92ZXJzaW9uIjoiMSJ9",
          "dependencies": [
            "data.aws_availability_zones.available",
            "module.vpc.aws_vpc.this",
            "module.vpc.aws_vpc_ipv4_cidr_block_association.this"
          ]
        },
        {
          "index_key": 1,
          "schema_version": 1,
          "attributes": {
            "arn": "arn:aws:ec2:us-east-1:120211568300:subnet/subnet-0e0871456067b8f8d",
            "assign_ipv6_address_on_creation": false,
            "availability_zone": "us-east-1b",
            "availability_zone_id": "use1-az4",
            "cidr_block": "10.0.2.0/24",
            "customer_owned_ipv4_pool": "",
            "enable_dns64": false,
            "enable_lni_at_device_index": 0,
            "enable_resource_name_dns_a_record_on_launch": false,
            "enable_resource_name_dns_aaaa_record_on_launch": false,
            "id": "subnet-0e0871456067b8f8d",
            "ipv6_cidr_block": "",
            "ipv6_cidr_block_association_id": "",
            "ipv6_native": false,
            "map_customer_owned_ip_on_launch": false,
            "map_public_ip_on_launch": false,
            "outpost_arn": "",
            "owner_id": "120211568300",
            "private_dns_hostname_type_on_launch": "ip-name",
            "tags": {
              "Name": "HR-stag-eksdemo1-private-us-east-1b",
              "Type": "private-subnets",
              "environment": "stag",
              "kubernetes.io/cluster/HR-stag-eksdemo1": "shared",
              "kubernetes.io/role/internal-elb": "1",
              "owners": "HR"
            },
            "tags_all": {
              "Name": "HR-stag-eksdemo1-private-us-east-1b",
              "Type": "private-subnets",
              "environment": "stag",
              "kubernetes.io/cluster/HR-stag-eksdemo1": "shared",
              "kubernetes.io/role/internal-elb": "1",
              "owners": "HR"
            },
            "timeouts": null,
            "vpc_id": "vpc-06cfff122a573a443"
          },
          "sensitive_attributes": [],
          "private": "eyJlMmJmYjczMC1lY2FhLTExZTYtOGY4OC0zNDM2M2JjN2M0YzAiOnsiY3JlYXRlIjo2MDAwMDAwMDAwMDAsImRlbGV0ZSI6MTIwMDAwMDAwMDAwMH0sInNjaGVtYV92ZXJzaW9uIjoiMSJ9",
          "dependencies": [
            "data.aws_availability_zones.available",
            "module.vpc.aws_vpc.this",
            "module.vpc.aws_vpc_ipv4_cidr_block_association.this"
          ]
        }
      ]
    },
    {
      "module": "module.vpc",
      "mode": "managed",
      "type": "aws_subnet",
      "name": "public",
      "provider": "provider[\"registry.terraform.io/hashicorp/aws\"]",
      "instances": [
        {
          "index_key": 0,
          "schema_version": 1,
          "attributes": {
            "arn": "arn:aws:ec2:us-east-1:120211568300:subnet/subnet-0a6eff5a7271183f2",
            "assign_ipv6_address_on_creation": false,
            "availability_zone": "us-east-1a",
            "availability_zone_id": "use1-az2",
            "cidr_block": "10.0.101.0/24",
            "customer_owned_ipv4_pool": "",
            "enable_dns64": false,
            "enable_lni_at_device_index": 0,
            "enable_resource_name_dns_a_record_on_launch": false,
            "enable_resource_name_dns_aaaa_record_on_launch": false,
            "id": "subnet-0a6eff5a7271183f2",
            "ipv6_cidr_block": "",
            "ipv6_cidr_block_association_id": "",
            "ipv6_native": false,
            "map_customer_owned_ip_on_launch": false,
            "map_public_ip_on_launch": true,
            "outpost_arn": "",
            "owner_id": "120211568300",
            "private_dns_hostname_type_on_launch": "ip-name",
            "tags": {
              "Name": "HR-stag-eksdemo1-public-us-east-1a",
              "Type": "public-subnets",
              "environment": "stag",
              "kubernetes.io/cluster/HR-stag-eksdemo1": "shared",
              "kubernetes.io/role/elb": "1",
              "owners": "HR"
            },
            "tags_all": {
              "Name": "HR-stag-eksdemo1-public-us-east-1a",
              "Type": "public-subnets",
              "environment": "stag",
              "kubernetes.io/cluster/HR-stag-eksdemo1": "shared",
              "kubernetes.io/role/elb": "1",
              "owners": "HR"
            },
            "timeouts": null,
            "vpc_id": "vpc-06cfff122a573a443"
          },
          "sensitive_attributes": [],
          "private": "eyJlMmJmYjczMC1lY2FhLTExZTYtOGY4OC0zNDM2M2JjN2M0YzAiOnsiY3JlYXRlIjo2MDAwMDAwMDAwMDAsImRlbGV0ZSI6MTIwMDAwMDAwMDAwMH0sInNjaGVtYV92ZXJzaW9uIjoiMSJ9",
          "dependencies": [
            "data.aws_availability_zones.available",
            "module.vpc.aws_vpc.this",
            "module.vpc.aws_vpc_ipv4_cidr_block_association.this"
          ]
        },
        {
          "index_key": 1,
          "schema_version": 1,
          "attributes": {
            "arn": "arn:aws:ec2:us-east-1:120211568300:subnet/subnet-0e0b89904e88838ef",
            "assign_ipv6_address_on_creation": false,
            "availability_zone": "us-east-1b",
            "availability_zone_id": "use1-az4",
            "cidr_block": "10.0.102.0/24",
            "customer_owned_ipv4_pool": "",
            "enable_dns64": false,
            "enable_lni_at_device_index": 0,
            "enable_resource_name_dns_a_record_on_launch": false,
            "enable_resource_name_dns_aaaa_record_on_launch": false,
            "id": "subnet-0e0b89904e88838ef",
            "ipv6_cidr_block": "",
            "ipv6_cidr_block_association_id": "",
            "ipv6_native": false,
            "map_customer_owned_ip_on_launch": false,
            "map_public_ip_on_launch": true,
            "outpost_arn": "",
            "owner_id": "120211568300",
            "private_dns_hostname_type_on_launch": "ip-name",
            "tags": {
              "Name": "HR-stag-eksdemo1-public-us-east-1b",
              "Type": "public-subnets",
              "environment": "stag",
              "kubernetes.io/cluster/HR-stag-eksdemo1": "shared",
              "kubernetes.io/role/elb": "1",
              "owners": "HR"
            },
            "tags_all": {
              "Name": "HR-stag-eksdemo1-public-us-east-1b",
              "Type": "public-subnets",
              "environment": "stag",
              "kubernetes.io/cluster/HR-stag-eksdemo1": "shared",
              "kubernetes.io/role/elb": "1",
              "owners": "HR"
            },
            "timeouts": null,
            "vpc_id": "vpc-06cfff122a573a443"
          },
          "sensitive_attributes": [],
          "private": "eyJlMmJmYjczMC1lY2FhLTExZTYtOGY4OC0zNDM2M2JjN2M0YzAiOnsiY3JlYXRlIjo2MDAwMDAwMDAwMDAsImRlbGV0ZSI6MTIwMDAwMDAwMDAwMH0sInNjaGVtYV92ZXJzaW9uIjoiMSJ9",
          "dependencies": [
            "data.aws_availability_zones.available",
            "module.vpc.aws_vpc.this",
            "module.vpc.aws_vpc_ipv4_cidr_block_association.this"
          ]
        }
      ]
    },
    {
      "module": "module.vpc",
      "mode": "managed",
      "type": "aws_vpc",
      "name": "this",
      "provider": "provider[\"registry.terraform.io/hashicorp/aws\"]",
      "instances": [
        {
          "index_key": 0,
          "schema_version": 1,
          "attributes": {
            "arn": "arn:aws:ec2:us-east-1:120211568300:vpc/vpc-06cfff122a573a443",
            "assign_generated_ipv6_cidr_block": false,
            "cidr_block": "10.0.0.0/16",
            "default_network_acl_id": "acl-0cf8681e694d0b2b8",
            "default_route_table_id": "rtb-096fb427596b540f1",
            "default_security_group_id": "sg-05cc49057d24b2e9f",
            "dhcp_options_id": "dopt-0f34da52b3634948c",
            "enable_classiclink": false,
            "enable_classiclink_dns_support": false,
            "enable_dns_hostnames": true,
            "enable_dns_support": true,
            "enable_network_address_usage_metrics": false,
            "id": "vpc-06cfff122a573a443",
            "instance_tenancy": "default",
            "ipv4_ipam_pool_id": null,
            "ipv4_netmask_length": null,
            "ipv6_association_id": "",
            "ipv6_cidr_block": "",
            "ipv6_cidr_block_network_border_group": "",
            "ipv6_ipam_pool_id": "",
            "ipv6_netmask_length": 0,
            "main_route_table_id": "rtb-096fb427596b540f1",
            "owner_id": "120211568300",
            "tags": {
              "Name": "HR-stag-eksdemo1",
              "environment": "stag",
              "owners": "HR"
            },
            "tags_all": {
              "Name": "HR-stag-eksdemo1",
              "environment": "stag",
              "owners": "HR"
            }
          },
          "sensitive_attributes": [],
          "private": "eyJzY2hlbWFfdmVyc2lvbiI6IjEifQ=="
        }
      ]
    }
  ],
  "check_results": null
}
