{
  "version": 4,
  "terraform_version": "1.4.6",
  "serial": 5,
  "lineage": "322611b4-3605-fe16-4324-d86f1f848b11",
  "outputs": {},
  "resources": [
    {
      "mode": "data",
      "type": "aws_eks_cluster",
      "name": "cluster",
      "provider": "provider[\"registry.terraform.io/hashicorp/aws\"]",
      "instances": [
        {
          "schema_version": 0,
          "attributes": {
            "arn": "arn:aws:eks:us-east-1:120211568300:cluster/HR-stag-eksdemo1",
            "certificate_authority": [
              {
                "data": "LS0tLS1CRUdJTiBDRVJUSUZJQ0FURS0tLS0tCk1JSUMvakNDQWVhZ0F3SUJBZ0lCQURBTkJna3Foa2lHOXcwQkFRc0ZBREFWTVJNd0VRWURWUVFERXdwcmRXSmwKY201bGRHVnpNQjRYRFRJek1EUXlPREUyTXpZd01Wb1hEVE16TURReU5URTJNell3TVZvd0ZURVRNQkVHQTFVRQpBeE1LYTNWaVpYSnVaWFJsY3pDQ0FTSXdEUVlKS29aSWh2Y05BUUVCQlFBRGdnRVBBRENDQVFvQ2dnRUJBT3JJCjcxZ0h4UldxOGhmZHVYWjBnaFZ6Rk1TV1JMUlZZemZVRlFOR2FydHM1a3FuZ20xTStUOWFKWEo5MWpKZ3FYZkIKcGtWZnRQd01EUUg4VjlkQlUydUxGa0grUEdoRnlkbnk5Qi9RcDBhdWlRQjdoSkxvbEcxMUdIdG9VdWhsaDhCeQo1b2ZMSjJYc3o3S1p1allwNHk0UjIrMTVBM0JPZjFqYkxnZnpVK2NNN3JpQ0h2Y29kRVdJbWlDY1MyVTd2NUVHCjJjN3V2K2E5YlpYU05wK0xDVUZiMFR1VUVpT04rOEFzazFRUm16UmMvQllDSGw1TWJ4UElKYk8vL2hmSTBOdFYKR1g3ZUZpWTB3WU5pV05weW1qbVJPMFoxKzZoNUtJTFUrZ0tDYlBGREZGTXloTkNTNE1KT2swWWdaV3BKSU9vbwp1OVFLczkrdkp1ZmV4SVE4aFlFQ0F3RUFBYU5aTUZjd0RnWURWUjBQQVFIL0JBUURBZ0trTUE4R0ExVWRFd0VCCi93UUZNQU1CQWY4d0hRWURWUjBPQkJZRUZCT242ZkQ4SDM0VmU2NEd0VWNjQUtIT2x5NVJNQlVHQTFVZEVRUU8KTUF5Q0NtdDFZbVZ5Ym1WMFpYTXdEUVlKS29aSWh2Y05BUUVMQlFBRGdnRUJBTkExYUZpSUVWMWNhRlpGcFNRQwo0M2dkeHcwcmZhTlFxTnkrbnpDSWpIQlF1akpPSnVoMHVTY3ZIemxoQVNmSzZDNUVobDBVRGwwNGxqSC9QaENNCmt6VkxwdFJRRWt1Q2dSR1ZjU1pwanJ6azVZMUJ0ajFEK24zU09DS2hlVW5NYmRUT0Q0OUxWUW1rUXF5T1Z5L2gKelNMMWxTSDcrQ1E2bXhGUDQrYisyWXJuM1kvKzkzWHpjaW1CbS83VEtxbVlCdThLdjVoYVozTkNIYVlUNC84ZApheThuZTZ6VkwzYjVoQlVPd2V0bnZNMjAyUVhremJ3R3E5RGZlY1c4a1BGaUxtdGhsSVIxZGVrUEJXeHJlM1loCnJuL2dadStBaGlLTlhWWjFTQjZiM0pic2szeXBsdTVSYWxGKzJTMTJCZVpUVEVYVnloZjAwSldxTW0rc2EreUEKUE00PQotLS0tLUVORCBDRVJUSUZJQ0FURS0tLS0tCg=="
              }
            ],
            "cluster_id": null,
            "created_at": "2023-04-28 16:30:25.23 +0000 UTC",
            "enabled_cluster_log_types": [
              "api",
              "audit",
              "authenticator",
              "controllerManager",
              "scheduler"
            ],
            "endpoint": "https://5EE18D404BA5B31EBEBD31CD24CD34BF.gr7.us-east-1.eks.amazonaws.com",
            "id": "HR-stag-eksdemo1",
            "identity": [
              {
                "oidc": [
                  {
                    "issuer": "https://oidc.eks.us-east-1.amazonaws.com/id/5EE18D404BA5B31EBEBD31CD24CD34BF"
                  }
                ]
              }
            ],
            "kubernetes_network_config": [
              {
                "ip_family": "ipv4",
                "service_ipv4_cidr": "172.20.0.0/16",
                "service_ipv6_cidr": ""
              }
            ],
            "name": "HR-stag-eksdemo1",
            "outpost_config": [],
            "platform_version": "eks.1",
            "role_arn": "arn:aws:iam::120211568300:role/HR-stag-eks-master-role",
            "status": "ACTIVE",
            "tags": {},
            "version": "1.26",
            "vpc_config": [
              {
                "cluster_security_group_id": "sg-00930d8f3db900b6c",
                "endpoint_private_access": true,
                "endpoint_public_access": true,
                "public_access_cidrs": [
                  "0.0.0.0/0"
                ],
                "security_group_ids": [],
                "subnet_ids": [
                  "subnet-0759e7e83fa1b949d",
                  "subnet-076edc2a0382d5a56"
                ],
                "vpc_id": "vpc-0b9763cc864186804"
              }
            ]
          },
          "sensitive_attributes": []
        }
      ]
    },
    {
      "mode": "data",
      "type": "aws_eks_cluster_auth",
      "name": "cluster",
      "provider": "provider[\"registry.terraform.io/hashicorp/aws\"]",
      "instances": [
        {
          "schema_version": 0,
          "attributes": {
            "id": "HR-stag-eksdemo1",
            "name": "HR-stag-eksdemo1",
            "token": "k8s-aws-v1.aHR0cHM6Ly9zdHMuYW1hem9uYXdzLmNvbS8_QWN0aW9uPUdldENhbGxlcklkZW50aXR5JlZlcnNpb249MjAxMS0wNi0xNSZYLUFtei1BbGdvcml0aG09QVdTNC1ITUFDLVNIQTI1NiZYLUFtei1DcmVkZW50aWFsPUFLSUFSWDdKSzYyV01NWVJJWTRXJTJGMjAyMzA0MjglMkZ1cy1lYXN0LTElMkZzdHMlMkZhd3M0X3JlcXVlc3QmWC1BbXotRGF0ZT0yMDIzMDQyOFQxNzQ4NTNaJlgtQW16LUV4cGlyZXM9MCZYLUFtei1TaWduZWRIZWFkZXJzPWhvc3QlM0J4LWs4cy1hd3MtaWQmWC1BbXotU2lnbmF0dXJlPWI1NTliYjc4OTljMTUxYTVkZDA4MzE4ZGFiOGJjMWNjYTgwYjRjZDYyZWI3MWQ0ZmIxYWNjMWM4ZDU2YmEyYjM"
          },
          "sensitive_attributes": []
        }
      ]
    },
    {
      "mode": "data",
      "type": "terraform_remote_state",
      "name": "eks",
      "provider": "provider[\"terraform.io/builtin/terraform\"]",
      "instances": [
        {
          "schema_version": 0,
          "attributes": {
            "backend": "local",
            "config": {
              "value": {
                "path": "../09-AWS-EKS-Lab/terraform.tfstate"
              },
              "type": [
                "object",
                {
                  "path": "string"
                }
              ]
            },
            "defaults": null,
            "outputs": {
              "value": {
                "azs": [
                  "us-east-1a",
                  "us-east-1b",
                  "us-east-1c",
                  "us-east-1d",
                  "us-east-1e",
                  "us-east-1f"
                ],
                "cluster_arn": "arn:aws:eks:us-east-1:120211568300:cluster/HR-stag-eksdemo1",
                "cluster_certificate_authority_data": "LS0tLS1CRUdJTiBDRVJUSUZJQ0FURS0tLS0tCk1JSUMvakNDQWVhZ0F3SUJBZ0lCQURBTkJna3Foa2lHOXcwQkFRc0ZBREFWTVJNd0VRWURWUVFERXdwcmRXSmwKY201bGRHVnpNQjRYRFRJek1EUXlPREUyTXpZd01Wb1hEVE16TURReU5URTJNell3TVZvd0ZURVRNQkVHQTFVRQpBeE1LYTNWaVpYSnVaWFJsY3pDQ0FTSXdEUVlKS29aSWh2Y05BUUVCQlFBRGdnRVBBRENDQVFvQ2dnRUJBT3JJCjcxZ0h4UldxOGhmZHVYWjBnaFZ6Rk1TV1JMUlZZemZVRlFOR2FydHM1a3FuZ20xTStUOWFKWEo5MWpKZ3FYZkIKcGtWZnRQd01EUUg4VjlkQlUydUxGa0grUEdoRnlkbnk5Qi9RcDBhdWlRQjdoSkxvbEcxMUdIdG9VdWhsaDhCeQo1b2ZMSjJYc3o3S1p1allwNHk0UjIrMTVBM0JPZjFqYkxnZnpVK2NNN3JpQ0h2Y29kRVdJbWlDY1MyVTd2NUVHCjJjN3V2K2E5YlpYU05wK0xDVUZiMFR1VUVpT04rOEFzazFRUm16UmMvQllDSGw1TWJ4UElKYk8vL2hmSTBOdFYKR1g3ZUZpWTB3WU5pV05weW1qbVJPMFoxKzZoNUtJTFUrZ0tDYlBGREZGTXloTkNTNE1KT2swWWdaV3BKSU9vbwp1OVFLczkrdkp1ZmV4SVE4aFlFQ0F3RUFBYU5aTUZjd0RnWURWUjBQQVFIL0JBUURBZ0trTUE4R0ExVWRFd0VCCi93UUZNQU1CQWY4d0hRWURWUjBPQkJZRUZCT242ZkQ4SDM0VmU2NEd0VWNjQUtIT2x5NVJNQlVHQTFVZEVRUU8KTUF5Q0NtdDFZbVZ5Ym1WMFpYTXdEUVlKS29aSWh2Y05BUUVMQlFBRGdnRUJBTkExYUZpSUVWMWNhRlpGcFNRQwo0M2dkeHcwcmZhTlFxTnkrbnpDSWpIQlF1akpPSnVoMHVTY3ZIemxoQVNmSzZDNUVobDBVRGwwNGxqSC9QaENNCmt6VkxwdFJRRWt1Q2dSR1ZjU1pwanJ6azVZMUJ0ajFEK24zU09DS2hlVW5NYmRUT0Q0OUxWUW1rUXF5T1Z5L2gKelNMMWxTSDcrQ1E2bXhGUDQrYisyWXJuM1kvKzkzWHpjaW1CbS83VEtxbVlCdThLdjVoYVozTkNIYVlUNC84ZApheThuZTZ6VkwzYjVoQlVPd2V0bnZNMjAyUVhremJ3R3E5RGZlY1c4a1BGaUxtdGhsSVIxZGVrUEJXeHJlM1loCnJuL2dadStBaGlLTlhWWjFTQjZiM0pic2szeXBsdTVSYWxGKzJTMTJCZVpUVEVYVnloZjAwSldxTW0rc2EreUEKUE00PQotLS0tLUVORCBDRVJUSUZJQ0FURS0tLS0tCg==",
                "cluster_endpoint": "https://5EE18D404BA5B31EBEBD31CD24CD34BF.gr7.us-east-1.eks.amazonaws.com",
                "cluster_iam_role_arn": "arn:aws:iam::120211568300:role/HR-stag-eks-master-role",
                "cluster_iam_role_name": "HR-stag-eks-master-role",
                "cluster_id": "HR-stag-eksdemo1",
                "cluster_oidc_issuer_url": "https://oidc.eks.us-east-1.amazonaws.com/id/5EE18D404BA5B31EBEBD31CD24CD34BF",
                "cluster_primary_security_group_id": "sg-00930d8f3db900b6c",
                "cluster_security_group_id": [
                  null
                ],
                "cluster_version": "1.26",
                "nat_public_ips": [
                  "52.204.9.41"
                ],
                "node_group_public_arn": "arn:aws:eks:us-east-1:120211568300:nodegroup/HR-stag-eksdemo1/HR-stag-eks-ng-public/96c3e45e-8d53-5eb5-3970-29db84053664",
                "node_group_public_id": "HR-stag-eksdemo1:HR-stag-eks-ng-public",
                "node_group_public_status": "ACTIVE",
                "node_group_public_version": "1.26",
                "private_subnets": [
                  "subnet-0ea2c4025bc2c44f7",
                  "subnet-007b2092f7fbbb0a8"
                ],
                "public_subnets": [
                  "subnet-0759e7e83fa1b949d",
                  "subnet-076edc2a0382d5a56"
                ],
                "vpc_cidr_block": "10.0.0.0/16",
                "vpc_id": "vpc-0b9763cc864186804"
              },
              "type": [
                "object",
                {
                  "azs": [
                    "list",
                    "string"
                  ],
                  "cluster_arn": "string",
                  "cluster_certificate_authority_data": "string",
                  "cluster_endpoint": "string",
                  "cluster_iam_role_arn": "string",
                  "cluster_iam_role_name": "string",
                  "cluster_id": "string",
                  "cluster_oidc_issuer_url": "string",
                  "cluster_primary_security_group_id": "string",
                  "cluster_security_group_id": [
                    "tuple",
                    [
                      [
                        "set",
                        "string"
                      ]
                    ]
                  ],
                  "cluster_version": "string",
                  "nat_public_ips": [
                    "list",
                    "string"
                  ],
                  "node_group_public_arn": "string",
                  "node_group_public_id": "string",
                  "node_group_public_status": "string",
                  "node_group_public_version": "string",
                  "private_subnets": [
                    "tuple",
                    [
                      "string",
                      "string"
                    ]
                  ],
                  "public_subnets": [
                    "tuple",
                    [
                      "string",
                      "string"
                    ]
                  ],
                  "vpc_cidr_block": "string",
                  "vpc_id": "string"
                }
              ]
            },
            "workspace": null
          },
          "sensitive_attributes": []
        }
      ]
    },
    {
      "mode": "managed",
      "type": "kubernetes_deployment_v1",
      "name": "myapp1",
      "provider": "provider[\"registry.terraform.io/hashicorp/kubernetes\"]",
      "instances": [
        {
          "schema_version": 1,
          "attributes": {
            "id": "default/myapp1-deployment",
            "metadata": [
              {
                "annotations": null,
                "generate_name": "",
                "generation": 1,
                "labels": {
                  "app": "myapp1"
                },
                "name": "myapp1-deployment",
                "namespace": "default",
                "resource_version": "11588",
                "uid": "a19f0b94-85ff-488a-89d2-4d09fd4e6aa9"
              }
            ],
            "spec": [
              {
                "min_ready_seconds": 0,
                "paused": false,
                "progress_deadline_seconds": 600,
                "replicas": "2",
                "revision_history_limit": 10,
                "selector": [
                  {
                    "match_expressions": [],
                    "match_labels": {
                      "app": "myapp1"
                    }
                  }
                ],
                "strategy": [
                  {
                    "rolling_update": [
                      {
                        "max_surge": "25%",
                        "max_unavailable": "25%"
                      }
                    ],
                    "type": "RollingUpdate"
                  }
                ],
                "template": [
                  {
                    "metadata": [
                      {
                        "annotations": null,
                        "generate_name": "",
                        "generation": 0,
                        "labels": {
                          "app": "myapp1"
                        },
                        "name": "",
                        "namespace": "",
                        "resource_version": "",
                        "uid": ""
                      }
                    ],
                    "spec": [
                      {
                        "active_deadline_seconds": 0,
                        "affinity": [],
                        "automount_service_account_token": true,
                        "container": [
                          {
                            "args": null,
                            "command": null,
                            "env": [],
                            "env_from": [],
                            "image": "stacksimplify/kubenginx:1.0.0",
                            "image_pull_policy": "IfNotPresent",
                            "lifecycle": [],
                            "liveness_probe": [
                              {
                                "exec": [],
                                "failure_threshold": 3,
                                "grpc": [],
                                "http_get": [
                                  {
                                    "host": "",
                                    "http_header": [
                                      {
                                        "name": "X-Custom-Header",
                                        "value": "Awesome"
                                      }
                                    ],
                                    "path": "/",
                                    "port": "80",
                                    "scheme": "HTTP"
                                  }
                                ],
                                "initial_delay_seconds": 0,
                                "period_seconds": 10,
                                "success_threshold": 1,
                                "tcp_socket": [],
                                "timeout_seconds": 1
                              }
                            ],
                            "name": "myapp1-container",
                            "port": [
                              {
                                "container_port": 80,
                                "host_ip": "",
                                "host_port": 0,
                                "name": "",
                                "protocol": "TCP"
                              }
                            ],
                            "readiness_probe": [],
                            "resources": [
                              {
                                "limits": {
                                  "cpu": "500m",
                                  "memory": "512Mi"
                                },
                                "requests": {
                                  "cpu": "250m",
                                  "memory": "50Mi"
                                }
                              }
                            ],
                            "security_context": [],
                            "startup_probe": [],
                            "stdin": false,
                            "stdin_once": false,
                            "termination_message_path": "/dev/termination-log",
                            "termination_message_policy": "File",
                            "tty": false,
                            "volume_mount": [],
                            "working_dir": ""
                          }
                        ],
                        "dns_config": [],
                        "dns_policy": "ClusterFirst",
                        "enable_service_links": true,
                        "host_aliases": [],
                        "host_ipc": false,
                        "host_network": false,
                        "host_pid": false,
                        "hostname": "",
                        "image_pull_secrets": [],
                        "init_container": [],
                        "node_name": "",
                        "node_selector": null,
                        "priority_class_name": "",
                        "readiness_gate": [],
                        "restart_policy": "Always",
                        "runtime_class_name": "",
                        "scheduler_name": "default-scheduler",
                        "security_context": [],
                        "service_account_name": "",
                        "share_process_namespace": false,
                        "subdomain": "",
                        "termination_grace_period_seconds": 30,
                        "toleration": [],
                        "topology_spread_constraint": [],
                        "volume": []
                      }
                    ]
                  }
                ]
              }
            ],
            "timeouts": null,
            "wait_for_rollout": true
          },
          "sensitive_attributes": [],
          "private": "eyJlMmJmYjczMC1lY2FhLTExZTYtOGY4OC0zNDM2M2JjN2M0YzAiOnsiY3JlYXRlIjo2MDAwMDAwMDAwMDAsImRlbGV0ZSI6NjAwMDAwMDAwMDAwLCJ1cGRhdGUiOjYwMDAwMDAwMDAwMH0sInNjaGVtYV92ZXJzaW9uIjoiMSJ9",
          "dependencies": [
            "data.aws_eks_cluster_auth.cluster",
            "data.terraform_remote_state.eks"
          ]
        }
      ]
    },
    {
      "mode": "managed",
      "type": "kubernetes_service_v1",
      "name": "lb_service",
      "provider": "provider[\"registry.terraform.io/hashicorp/kubernetes\"]",
      "instances": [
        {
          "schema_version": 1,
          "attributes": {
            "id": "default/myapp1-lb-service",
            "metadata": [
              {
                "annotations": null,
                "generate_name": "",
                "generation": 0,
                "labels": null,
                "name": "myapp1-lb-service",
                "namespace": "default",
                "resource_version": "11638",
                "uid": "4b0299bc-d99d-4308-8881-cfdb36d7041e"
              }
            ],
            "spec": [
              {
                "allocate_load_balancer_node_ports": true,
                "cluster_ip": "172.20.140.159",
                "cluster_ips": [
                  "172.20.140.159"
                ],
                "external_ips": null,
                "external_name": "",
                "external_traffic_policy": "Cluster",
                "health_check_node_port": 0,
                "internal_traffic_policy": "Cluster",
                "ip_families": [
                  "IPv4"
                ],
                "ip_family_policy": "SingleStack",
                "load_balancer_class": "",
                "load_balancer_ip": "",
                "load_balancer_source_ranges": null,
                "port": [
                  {
                    "app_protocol": "",
                    "name": "http",
                    "node_port": 32120,
                    "port": 80,
                    "protocol": "TCP",
                    "target_port": "80"
                  }
                ],
                "publish_not_ready_addresses": false,
                "selector": {
                  "app": "myapp1"
                },
                "session_affinity": "None",
                "session_affinity_config": [],
                "type": "LoadBalancer"
              }
            ],
            "status": [
              {
                "load_balancer": [
                  {
                    "ingress": [
                      {
                        "hostname": "a4b0299bcd99d43088881cfdb36d7041-1223171273.us-east-1.elb.amazonaws.com",
                        "ip": ""
                      }
                    ]
                  }
                ]
              }
            ],
            "timeouts": null,
            "wait_for_load_balancer": true
          },
          "sensitive_attributes": [],
          "private": "eyJlMmJmYjczMC1lY2FhLTExZTYtOGY4OC0zNDM2M2JjN2M0YzAiOnsiY3JlYXRlIjo2MDAwMDAwMDAwMDB9LCJzY2hlbWFfdmVyc2lvbiI6IjEifQ==",
          "dependencies": [
            "data.aws_eks_cluster_auth.cluster",
            "data.terraform_remote_state.eks",
            "kubernetes_deployment_v1.myapp1"
          ]
        }
      ]
    },
    {
      "mode": "managed",
      "type": "kubernetes_service_v1",
      "name": "lb_service_nlb",
      "provider": "provider[\"registry.terraform.io/hashicorp/kubernetes\"]",
      "instances": [
        {
          "schema_version": 1,
          "attributes": {
            "id": "default/myapp1-lb-service-nlb",
            "metadata": [
              {
                "annotations": {
                  "service.beta.kubernetes.io/aws-load-balancer-type": "nlb"
                },
                "generate_name": "",
                "generation": 0,
                "labels": null,
                "name": "myapp1-lb-service-nlb",
                "namespace": "default",
                "resource_version": "11627",
                "uid": "7c027838-f7c6-47b7-900b-5e4ebddc33c5"
              }
            ],
            "spec": [
              {
                "allocate_load_balancer_node_ports": true,
                "cluster_ip": "172.20.91.235",
                "cluster_ips": [
                  "172.20.91.235"
                ],
                "external_ips": null,
                "external_name": "",
                "external_traffic_policy": "Cluster",
                "health_check_node_port": 0,
                "internal_traffic_policy": "Cluster",
                "ip_families": [
                  "IPv4"
                ],
                "ip_family_policy": "SingleStack",
                "load_balancer_class": "",
                "load_balancer_ip": "",
                "load_balancer_source_ranges": null,
                "port": [
                  {
                    "app_protocol": "",
                    "name": "http",
                    "node_port": 31337,
                    "port": 80,
                    "protocol": "TCP",
                    "target_port": "80"
                  }
                ],
                "publish_not_ready_addresses": false,
                "selector": {
                  "app": "myapp1"
                },
                "session_affinity": "None",
                "session_affinity_config": [],
                "type": "LoadBalancer"
              }
            ],
            "status": [
              {
                "load_balancer": [
                  {
                    "ingress": [
                      {
                        "hostname": "a7c027838f7c647b7900b5e4ebddc33c-273fa65c9495cd4b.elb.us-east-1.amazonaws.com",
                        "ip": ""
                      }
                    ]
                  }
                ]
              }
            ],
            "timeouts": null,
            "wait_for_load_balancer": true
          },
          "sensitive_attributes": [],
          "private": "eyJlMmJmYjczMC1lY2FhLTExZTYtOGY4OC0zNDM2M2JjN2M0YzAiOnsiY3JlYXRlIjo2MDAwMDAwMDAwMDB9LCJzY2hlbWFfdmVyc2lvbiI6IjEifQ==",
          "dependencies": [
            "data.aws_eks_cluster_auth.cluster",
            "data.terraform_remote_state.eks",
            "kubernetes_deployment_v1.myapp1"
          ]
        }
      ]
    },
    {
      "mode": "managed",
      "type": "kubernetes_service_v1",
      "name": "np_service",
      "provider": "provider[\"registry.terraform.io/hashicorp/kubernetes\"]",
      "instances": [
        {
          "schema_version": 1,
          "attributes": {
            "id": "default/myapp1-nodeport-service",
            "metadata": [
              {
                "annotations": null,
                "generate_name": "",
                "generation": 0,
                "labels": null,
                "name": "myapp1-nodeport-service",
                "namespace": "default",
                "resource_version": "11617",
                "uid": "8b2b7295-3b67-4954-8aa0-8fba03272ccc"
              }
            ],
            "spec": [
              {
                "allocate_load_balancer_node_ports": true,
                "cluster_ip": "172.20.79.159",
                "cluster_ips": [
                  "172.20.79.159"
                ],
                "external_ips": null,
                "external_name": "",
                "external_traffic_policy": "Cluster",
                "health_check_node_port": 0,
                "internal_traffic_policy": "Cluster",
                "ip_families": [
                  "IPv4"
                ],
                "ip_family_policy": "SingleStack",
                "load_balancer_class": "",
                "load_balancer_ip": "",
                "load_balancer_source_ranges": null,
                "port": [
                  {
                    "app_protocol": "",
                    "name": "http",
                    "node_port": 30001,
                    "port": 80,
                    "protocol": "TCP",
                    "target_port": "80"
                  }
                ],
                "publish_not_ready_addresses": false,
                "selector": {
                  "app": "myapp1"
                },
                "session_affinity": "None",
                "session_affinity_config": [],
                "type": "NodePort"
              }
            ],
            "status": [
              {
                "load_balancer": [
                  {
                    "ingress": []
                  }
                ]
              }
            ],
            "timeouts": null,
            "wait_for_load_balancer": true
          },
          "sensitive_attributes": [],
          "private": "eyJlMmJmYjczMC1lY2FhLTExZTYtOGY4OC0zNDM2M2JjN2M0YzAiOnsiY3JlYXRlIjo2MDAwMDAwMDAwMDB9LCJzY2hlbWFfdmVyc2lvbiI6IjEifQ==",
          "dependencies": [
            "data.aws_eks_cluster_auth.cluster",
            "data.terraform_remote_state.eks",
            "kubernetes_deployment_v1.myapp1"
          ]
        }
      ]
    }
  ],
  "check_results": null
}
